// !$*UTF8*$!
{
	archiveVersion = 1;
	classes = {
	};
	objectVersion = 55;
	objects = {

/* Begin PBXBuildFile section */
		4A05447B2729095C00EC9314 /* AppDelegate.swift in Sources */ = {isa = PBXBuildFile; fileRef = 4A05447A2729095C00EC9314 /* AppDelegate.swift */; };
		4A05447D2729095C00EC9314 /* SceneDelegate.swift in Sources */ = {isa = PBXBuildFile; fileRef = 4A05447C2729095C00EC9314 /* SceneDelegate.swift */; };
		4A05447F2729095C00EC9314 /* LoginViewController.swift in Sources */ = {isa = PBXBuildFile; fileRef = 4A05447E2729095C00EC9314 /* LoginViewController.swift */; };
		4A0544822729095C00EC9314 /* Main.storyboard in Resources */ = {isa = PBXBuildFile; fileRef = 4A0544802729095C00EC9314 /* Main.storyboard */; };
		4A0544842729095E00EC9314 /* Assets.xcassets in Resources */ = {isa = PBXBuildFile; fileRef = 4A0544832729095E00EC9314 /* Assets.xcassets */; };
		4A0544872729095E00EC9314 /* LaunchScreen.storyboard in Resources */ = {isa = PBXBuildFile; fileRef = 4A0544852729095E00EC9314 /* LaunchScreen.storyboard */; };
		4A0544922729095E00EC9314 /* iOSAssessment_16Tests.swift in Sources */ = {isa = PBXBuildFile; fileRef = 4A0544912729095E00EC9314 /* iOSAssessment_16Tests.swift */; };
		4A05449C2729095E00EC9314 /* iOSAssessment_16UITests.swift in Sources */ = {isa = PBXBuildFile; fileRef = 4A05449B2729095E00EC9314 /* iOSAssessment_16UITests.swift */; };
		4A05449E2729095E00EC9314 /* iOSAssessment_16UITestsLaunchTests.swift in Sources */ = {isa = PBXBuildFile; fileRef = 4A05449D2729095E00EC9314 /* iOSAssessment_16UITestsLaunchTests.swift */; };
		4A0544AB27290D6B00EC9314 /* Model.swift in Sources */ = {isa = PBXBuildFile; fileRef = 4A0544AA27290D6B00EC9314 /* Model.swift */; };
		4A0544B02729100100EC9314 /* ValidationTests.swift in Sources */ = {isa = PBXBuildFile; fileRef = 4A0544AF2729100100EC9314 /* ValidationTests.swift */; };
/* End PBXBuildFile section */

/* Begin PBXContainerItemProxy section */
		4A05448E2729095E00EC9314 /* PBXContainerItemProxy */ = {
			isa = PBXContainerItemProxy;
			containerPortal = 4A05446F2729095C00EC9314 /* Project object */;
			proxyType = 1;
			remoteGlobalIDString = 4A0544762729095C00EC9314;
			remoteInfo = "iOSAssessment-16";
		};
		4A0544982729095E00EC9314 /* PBXContainerItemProxy */ = {
			isa = PBXContainerItemProxy;
			containerPortal = 4A05446F2729095C00EC9314 /* Project object */;
			proxyType = 1;
			remoteGlobalIDString = 4A0544762729095C00EC9314;
			remoteInfo = "iOSAssessment-16";
		};
/* End PBXContainerItemProxy section */

/* Begin PBXFileReference section */
		4A0544772729095C00EC9314 /* iOSAssessment-16.app */ = {isa = PBXFileReference; explicitFileType = wrapper.application; includeInIndex = 0; path = "iOSAssessment-16.app"; sourceTree = BUILT_PRODUCTS_DIR; };
		4A05447A2729095C00EC9314 /* AppDelegate.swift */ = {isa = PBXFileReference; lastKnownFileType = sourcecode.swift; path = AppDelegate.swift; sourceTree = "<group>"; };
		4A05447C2729095C00EC9314 /* SceneDelegate.swift */ = {isa = PBXFileReference; lastKnownFileType = sourcecode.swift; path = SceneDelegate.swift; sourceTree = "<group>"; };
		4A05447E2729095C00EC9314 /* LoginViewController.swift */ = {isa = PBXFileReference; lastKnownFileType = sourcecode.swift; path = LoginViewController.swift; sourceTree = "<group>"; };
		4A0544812729095C00EC9314 /* Base */ = {isa = PBXFileReference; lastKnownFileType = file.storyboard; name = Base; path = Base.lproj/Main.storyboard; sourceTree = "<group>"; };
		4A0544832729095E00EC9314 /* Assets.xcassets */ = {isa = PBXFileReference; lastKnownFileType = folder.assetcatalog; path = Assets.xcassets; sourceTree = "<group>"; };
		4A0544862729095E00EC9314 /* Base */ = {isa = PBXFileReference; lastKnownFileType = file.storyboard; name = Base; path = Base.lproj/LaunchScreen.storyboard; sourceTree = "<group>"; };
		4A0544882729095E00EC9314 /* Info.plist */ = {isa = PBXFileReference; lastKnownFileType = text.plist.xml; path = Info.plist; sourceTree = "<group>"; };
		4A05448D2729095E00EC9314 /* iOSAssessment-16Tests.xctest */ = {isa = PBXFileReference; explicitFileType = wrapper.cfbundle; includeInIndex = 0; path = "iOSAssessment-16Tests.xctest"; sourceTree = BUILT_PRODUCTS_DIR; };
		4A0544912729095E00EC9314 /* iOSAssessment_16Tests.swift */ = {isa = PBXFileReference; lastKnownFileType = sourcecode.swift; path = iOSAssessment_16Tests.swift; sourceTree = "<group>"; };
		4A0544972729095E00EC9314 /* iOSAssessment-16UITests.xctest */ = {isa = PBXFileReference; explicitFileType = wrapper.cfbundle; includeInIndex = 0; path = "iOSAssessment-16UITests.xctest"; sourceTree = BUILT_PRODUCTS_DIR; };
		4A05449B2729095E00EC9314 /* iOSAssessment_16UITests.swift */ = {isa = PBXFileReference; lastKnownFileType = sourcecode.swift; path = iOSAssessment_16UITests.swift; sourceTree = "<group>"; };
		4A05449D2729095E00EC9314 /* iOSAssessment_16UITestsLaunchTests.swift */ = {isa = PBXFileReference; lastKnownFileType = sourcecode.swift; path = iOSAssessment_16UITestsLaunchTests.swift; sourceTree = "<group>"; };
		4A0544AA27290D6B00EC9314 /* Model.swift */ = {isa = PBXFileReference; lastKnownFileType = sourcecode.swift; path = Model.swift; sourceTree = "<group>"; };
		4A0544AF2729100100EC9314 /* ValidationTests.swift */ = {isa = PBXFileReference; lastKnownFileType = sourcecode.swift; path = ValidationTests.swift; sourceTree = "<group>"; };
/* End PBXFileReference section */

/* Begin PBXFrameworksBuildPhase section */
		4A0544742729095C00EC9314 /* Frameworks */ = {
			isa = PBXFrameworksBuildPhase;
			buildActionMask = 2147483647;
			files = (
			);
			runOnlyForDeploymentPostprocessing = 0;
		};
		4A05448A2729095E00EC9314 /* Frameworks */ = {
			isa = PBXFrameworksBuildPhase;
			buildActionMask = 2147483647;
			files = (
			);
			runOnlyForDeploymentPostprocessing = 0;
		};
		4A0544942729095E00EC9314 /* Frameworks */ = {
			isa = PBXFrameworksBuildPhase;
			buildActionMask = 2147483647;
			files = (
			);
			runOnlyForDeploymentPostprocessing = 0;
		};
/* End PBXFrameworksBuildPhase section */

/* Begin PBXGroup section */
		4A05446E2729095C00EC9314 = {
			isa = PBXGroup;
			children = (
				4A0544792729095C00EC9314 /* iOSAssessment-16 */,
				4A0544902729095E00EC9314 /* iOSAssessment-16Tests */,
				4A05449A2729095E00EC9314 /* iOSAssessment-16UITests */,
				4A0544782729095C00EC9314 /* Products */,
			);
			sourceTree = "<group>";
		};
		4A0544782729095C00EC9314 /* Products */ = {
			isa = PBXGroup;
			children = (
				4A0544772729095C00EC9314 /* iOSAssessment-16.app */,
				4A05448D2729095E00EC9314 /* iOSAssessment-16Tests.xctest */,
				4A0544972729095E00EC9314 /* iOSAssessment-16UITests.xctest */,
			);
			name = Products;
			sourceTree = "<group>";
		};
		4A0544792729095C00EC9314 /* iOSAssessment-16 */ = {
			isa = PBXGroup;
			children = (
				4A05447A2729095C00EC9314 /* AppDelegate.swift */,
				4A05447C2729095C00EC9314 /* SceneDelegate.swift */,
				4A0544AC27290E8400EC9314 /* Controller */,
				4A0544AD27290E9600EC9314 /* Model */,
				4A0544AE27290EAA00EC9314 /* View */,
				4A0544832729095E00EC9314 /* Assets.xcassets */,
				4A0544852729095E00EC9314 /* LaunchScreen.storyboard */,
				4A0544882729095E00EC9314 /* Info.plist */,
			);
			path = "iOSAssessment-16";
			sourceTree = "<group>";
		};
		4A0544902729095E00EC9314 /* iOSAssessment-16Tests */ = {
			isa = PBXGroup;
			children = (
				4A0544912729095E00EC9314 /* iOSAssessment_16Tests.swift */,
				4A0544AF2729100100EC9314 /* ValidationTests.swift */,
			);
			path = "iOSAssessment-16Tests";
			sourceTree = "<group>";
		};
		4A05449A2729095E00EC9314 /* iOSAssessment-16UITests */ = {
			isa = PBXGroup;
			children = (
				4A05449B2729095E00EC9314 /* iOSAssessment_16UITests.swift */,
				4A05449D2729095E00EC9314 /* iOSAssessment_16UITestsLaunchTests.swift */,
			);
			path = "iOSAssessment-16UITests";
			sourceTree = "<group>";
		};
		4A0544AC27290E8400EC9314 /* Controller */ = {
			isa = PBXGroup;
			children = (
				4A05447E2729095C00EC9314 /* LoginViewController.swift */,
			);
			path = Controller;
			sourceTree = "<group>";
		};
		4A0544AD27290E9600EC9314 /* Model */ = {
			isa = PBXGroup;
			children = (
				4A0544AA27290D6B00EC9314 /* Model.swift */,
			);
			path = Model;
			sourceTree = "<group>";
		};
		4A0544AE27290EAA00EC9314 /* View */ = {
			isa = PBXGroup;
			children = (
				4A0544802729095C00EC9314 /* Main.storyboard */,
			);
			path = View;
			sourceTree = "<group>";
		};
/* End PBXGroup section */

/* Begin PBXNativeTarget section */
		4A0544762729095C00EC9314 /* iOSAssessment-16 */ = {
			isa = PBXNativeTarget;
			buildConfigurationList = 4A0544A12729095E00EC9314 /* Build configuration list for PBXNativeTarget "iOSAssessment-16" */;
			buildPhases = (
				4A0544732729095C00EC9314 /* Sources */,
				4A0544742729095C00EC9314 /* Frameworks */,
				4A0544752729095C00EC9314 /* Resources */,
			);
			buildRules = (
			);
			dependencies = (
			);
			name = "iOSAssessment-16";
			productName = "iOSAssessment-16";
			productReference = 4A0544772729095C00EC9314 /* iOSAssessment-16.app */;
			productType = "com.apple.product-type.application";
		};
		4A05448C2729095E00EC9314 /* iOSAssessment-16Tests */ = {
			isa = PBXNativeTarget;
			buildConfigurationList = 4A0544A42729095E00EC9314 /* Build configuration list for PBXNativeTarget "iOSAssessment-16Tests" */;
			buildPhases = (
				4A0544892729095E00EC9314 /* Sources */,
				4A05448A2729095E00EC9314 /* Frameworks */,
				4A05448B2729095E00EC9314 /* Resources */,
			);
			buildRules = (
			);
			dependencies = (
				4A05448F2729095E00EC9314 /* PBXTargetDependency */,
			);
			name = "iOSAssessment-16Tests";
			productName = "iOSAssessment-16Tests";
			productReference = 4A05448D2729095E00EC9314 /* iOSAssessment-16Tests.xctest */;
			productType = "com.apple.product-type.bundle.unit-test";
		};
		4A0544962729095E00EC9314 /* iOSAssessment-16UITests */ = {
			isa = PBXNativeTarget;
			buildConfigurationList = 4A0544A72729095E00EC9314 /* Build configuration list for PBXNativeTarget "iOSAssessment-16UITests" */;
			buildPhases = (
				4A0544932729095E00EC9314 /* Sources */,
				4A0544942729095E00EC9314 /* Frameworks */,
				4A0544952729095E00EC9314 /* Resources */,
			);
			buildRules = (
			);
			dependencies = (
				4A0544992729095E00EC9314 /* PBXTargetDependency */,
			);
			name = "iOSAssessment-16UITests";
			productName = "iOSAssessment-16UITests";
			productReference = 4A0544972729095E00EC9314 /* iOSAssessment-16UITests.xctest */;
			productType = "com.apple.product-type.bundle.ui-testing";
		};
/* End PBXNativeTarget section */

/* Begin PBXProject section */
		4A05446F2729095C00EC9314 /* Project object */ = {
			isa = PBXProject;
			attributes = {
				BuildIndependentTargetsInParallel = 1;
				LastSwiftUpdateCheck = 1300;
				LastUpgradeCheck = 1300;
				TargetAttributes = {
					4A0544762729095C00EC9314 = {
						CreatedOnToolsVersion = 13.0;
					};
					4A05448C2729095E00EC9314 = {
						CreatedOnToolsVersion = 13.0;
						TestTargetID = 4A0544762729095C00EC9314;
					};
					4A0544962729095E00EC9314 = {
						CreatedOnToolsVersion = 13.0;
						TestTargetID = 4A0544762729095C00EC9314;
					};
				};
			};
			buildConfigurationList = 4A0544722729095C00EC9314 /* Build configuration list for PBXProject "iOSAssessment-16" */;
			compatibilityVersion = "Xcode 13.0";
			developmentRegion = en;
			hasScannedForEncodings = 0;
			knownRegions = (
				en,
				Base,
			);
			mainGroup = 4A05446E2729095C00EC9314;
			productRefGroup = 4A0544782729095C00EC9314 /* Products */;
			projectDirPath = "";
			projectRoot = "";
			targets = (
				4A0544762729095C00EC9314 /* iOSAssessment-16 */,
				4A05448C2729095E00EC9314 /* iOSAssessment-16Tests */,
				4A0544962729095E00EC9314 /* iOSAssessment-16UITests */,
			);
		};
/* End PBXProject section */

/* Begin PBXResourcesBuildPhase section */
		4A0544752729095C00EC9314 /* Resources */ = {
			isa = PBXResourcesBuildPhase;
			buildActionMask = 2147483647;
			files = (
				4A0544872729095E00EC9314 /* LaunchScreen.storyboard in Resources */,
				4A0544842729095E00EC9314 /* Assets.xcassets in Resources */,
				4A0544822729095C00EC9314 /* Main.storyboard in Resources */,
			);
			runOnlyForDeploymentPostprocessing = 0;
		};
		4A05448B2729095E00EC9314 /* Resources */ = {
			isa = PBXResourcesBuildPhase;
			buildActionMask = 2147483647;
			files = (
			);
			runOnlyForDeploymentPostprocessing = 0;
		};
		4A0544952729095E00EC9314 /* Resources */ = {
			isa = PBXResourcesBuildPhase;
			buildActionMask = 2147483647;
			files = (
			);
			runOnlyForDeploymentPostprocessing = 0;
		};
/* End PBXResourcesBuildPhase section */

/* Begin PBXSourcesBuildPhase section */
		4A0544732729095C00EC9314 /* Sources */ = {
			isa = PBXSourcesBuildPhase;
			buildActionMask = 2147483647;
			files = (
				4A05447F2729095C00EC9314 /* LoginViewController.swift in Sources */,
				4A05447B2729095C00EC9314 /* AppDelegate.swift in Sources */,
				4A05447D2729095C00EC9314 /* SceneDelegate.swift in Sources */,
				4A0544AB27290D6B00EC9314 /* Model.swift in Sources */,
			);
			runOnlyForDeploymentPostprocessing = 0;
		};
		4A0544892729095E00EC9314 /* Sources */ = {
			isa = PBXSourcesBuildPhase;
			buildActionMask = 2147483647;
			files = (
				4A0544B02729100100EC9314 /* ValidationTests.swift in Sources */,
				4A0544922729095E00EC9314 /* iOSAssessment_16Tests.swift in Sources */,
			);
			runOnlyForDeploymentPostprocessing = 0;
		};
		4A0544932729095E00EC9314 /* Sources */ = {
			isa = PBXSourcesBuildPhase;
			buildActionMask = 2147483647;
			files = (
				4A05449C2729095E00EC9314 /* iOSAssessment_16UITests.swift in Sources */,
				4A05449E2729095E00EC9314 /* iOSAssessment_16UITestsLaunchTests.swift in Sources */,
			);
			runOnlyForDeploymentPostprocessing = 0;
		};
/* End PBXSourcesBuildPhase section */

/* Begin PBXTargetDependency section */
		4A05448F2729095E00EC9314 /* PBXTargetDependency */ = {
			isa = PBXTargetDependency;
			target = 4A0544762729095C00EC9314 /* iOSAssessment-16 */;
			targetProxy = 4A05448E2729095E00EC9314 /* PBXContainerItemProxy */;
		};
		4A0544992729095E00EC9314 /* PBXTargetDependency */ = {
			isa = PBXTargetDependency;
			target = 4A0544762729095C00EC9314 /* iOSAssessment-16 */;
			targetProxy = 4A0544982729095E00EC9314 /* PBXContainerItemProxy */;
		};
/* End PBXTargetDependency section */

/* Begin PBXVariantGroup section */
		4A0544802729095C00EC9314 /* Main.storyboard */ = {
			isa = PBXVariantGroup;
			children = (
				4A0544812729095C00EC9314 /* Base */,
			);
			name = Main.storyboard;
			sourceTree = "<group>";
		};
		4A0544852729095E00EC9314 /* LaunchScreen.storyboard */ = {
			isa = PBXVariantGroup;
			children = (
				4A0544862729095E00EC9314 /* Base */,
			);
			name = LaunchScreen.storyboard;
			sourceTree = "<group>";
		};
/* End PBXVariantGroup section */

/* Begin XCBuildConfiguration section */
		4A05449F2729095E00EC9314 /* Debug */ = {
			isa = XCBuildConfiguration;
			buildSettings = {
				ALWAYS_SEARCH_USER_PATHS = NO;
				CLANG_ANALYZER_NONNULL = YES;
				CLANG_ANALYZER_NUMBER_OBJECT_CONVERSION = YES_AGGRESSIVE;
				CLANG_CXX_LANGUAGE_STANDARD = "gnu++17";
				CLANG_CXX_LIBRARY = "libc++";
				CLANG_ENABLE_MODULES = YES;
				CLANG_ENABLE_OBJC_ARC = YES;
				CLANG_ENABLE_OBJC_WEAK = YES;
				CLANG_WARN_BLOCK_CAPTURE_AUTORELEASING = YES;
				CLANG_WARN_BOOL_CONVERSION = YES;
				CLANG_WARN_COMMA = YES;
				CLANG_WARN_CONSTANT_CONVERSION = YES;
				CLANG_WARN_DEPRECATED_OBJC_IMPLEMENTATIONS = YES;
				CLANG_WARN_DIRECT_OBJC_ISA_USAGE = YES_ERROR;
				CLANG_WARN_DOCUMENTATION_COMMENTS = YES;
				CLANG_WARN_EMPTY_BODY = YES;
				CLANG_WARN_ENUM_CONVERSION = YES;
				CLANG_WARN_INFINITE_RECURSION = YES;
				CLANG_WARN_INT_CONVERSION = YES;
				CLANG_WARN_NON_LITERAL_NULL_CONVERSION = YES;
				CLANG_WARN_OBJC_IMPLICIT_RETAIN_SELF = YES;
				CLANG_WARN_OBJC_LITERAL_CONVERSION = YES;
				CLANG_WARN_OBJC_ROOT_CLASS = YES_ERROR;
				CLANG_WARN_QUOTED_INCLUDE_IN_FRAMEWORK_HEADER = YES;
				CLANG_WARN_RANGE_LOOP_ANALYSIS = YES;
				CLANG_WARN_STRICT_PROTOTYPES = YES;
				CLANG_WARN_SUSPICIOUS_MOVE = YES;
				CLANG_WARN_UNGUARDED_AVAILABILITY = YES_AGGRESSIVE;
				CLANG_WARN_UNREACHABLE_CODE = YES;
				CLANG_WARN__DUPLICATE_METHOD_MATCH = YES;
				COPY_PHASE_STRIP = NO;
				DEBUG_INFORMATION_FORMAT = dwarf;
				ENABLE_STRICT_OBJC_MSGSEND = YES;
				ENABLE_TESTABILITY = YES;
				GCC_C_LANGUAGE_STANDARD = gnu11;
				GCC_DYNAMIC_NO_PIC = NO;
				GCC_NO_COMMON_BLOCKS = YES;
				GCC_OPTIMIZATION_LEVEL = 0;
				GCC_PREPROCESSOR_DEFINITIONS = (
					"DEBUG=1",
					"$(inherited)",
				);
				GCC_WARN_64_TO_32_BIT_CONVERSION = YES;
				GCC_WARN_ABOUT_RETURN_TYPE = YES_ERROR;
				GCC_WARN_UNDECLARED_SELECTOR = YES;
				GCC_WARN_UNINITIALIZED_AUTOS = YES_AGGRESSIVE;
				GCC_WARN_UNUSED_FUNCTION = YES;
				GCC_WARN_UNUSED_VARIABLE = YES;
				IPHONEOS_DEPLOYMENT_TARGET = 15.0;
				MTL_ENABLE_DEBUG_INFO = INCLUDE_SOURCE;
				MTL_FAST_MATH = YES;
				ONLY_ACTIVE_ARCH = YES;
				SDKROOT = iphoneos;
				SWIFT_ACTIVE_COMPILATION_CONDITIONS = DEBUG;
				SWIFT_OPTIMIZATION_LEVEL = "-Onone";
			};
			name = Debug;
		};
		4A0544A02729095E00EC9314 /* Release */ = {
			isa = XCBuildConfiguration;
			buildSettings = {
				ALWAYS_SEARCH_USER_PATHS = NO;
				CLANG_ANALYZER_NONNULL = YES;
				CLANG_ANALYZER_NUMBER_OBJECT_CONVERSION = YES_AGGRESSIVE;
				CLANG_CXX_LANGUAGE_STANDARD = "gnu++17";
				CLANG_CXX_LIBRARY = "libc++";
				CLANG_ENABLE_MODULES = YES;
				CLANG_ENABLE_OBJC_ARC = YES;
				CLANG_ENABLE_OBJC_WEAK = YES;
				CLANG_WARN_BLOCK_CAPTURE_AUTORELEASING = YES;
				CLANG_WARN_BOOL_CONVERSION = YES;
				CLANG_WARN_COMMA = YES;
				CLANG_WARN_CONSTANT_CONVERSION = YES;
				CLANG_WARN_DEPRECATED_OBJC_IMPLEMENTATIONS = YES;
				CLANG_WARN_DIRECT_OBJC_ISA_USAGE = YES_ERROR;
				CLANG_WARN_DOCUMENTATION_COMMENTS = YES;
				CLANG_WARN_EMPTY_BODY = YES;
				CLANG_WARN_ENUM_CONVERSION = YES;
				CLANG_WARN_INFINITE_RECURSION = YES;
				CLANG_WARN_INT_CONVERSION = YES;
				CLANG_WARN_NON_LITERAL_NULL_CONVERSION = YES;
				CLANG_WARN_OBJC_IMPLICIT_RETAIN_SELF = YES;
				CLANG_WARN_OBJC_LITERAL_CONVERSION = YES;
				CLANG_WARN_OBJC_ROOT_CLASS = YES_ERROR;
				CLANG_WARN_QUOTED_INCLUDE_IN_FRAMEWORK_HEADER = YES;
				CLANG_WARN_RANGE_LOOP_ANALYSIS = YES;
				CLANG_WARN_STRICT_PROTOTYPES = YES;
				CLANG_WARN_SUSPICIOUS_MOVE = YES;
				CLANG_WARN_UNGUARDED_AVAILABILITY = YES_AGGRESSIVE;
				CLANG_WARN_UNREACHABLE_CODE = YES;
				CLANG_WARN__DUPLICATE_METHOD_MATCH = YES;
				COPY_PHASE_STRIP = NO;
				DEBUG_INFORMATION_FORMAT = "dwarf-with-dsym";
				ENABLE_NS_ASSERTIONS = NO;
				ENABLE_STRICT_OBJC_MSGSEND = YES;
				GCC_C_LANGUAGE_STANDARD = gnu11;
				GCC_NO_COMMON_BLOCKS = YES;
				GCC_WARN_64_TO_32_BIT_CONVERSION = YES;
				GCC_WARN_ABOUT_RETURN_TYPE = YES_ERROR;
				GCC_WARN_UNDECLARED_SELECTOR = YES;
				GCC_WARN_UNINITIALIZED_AUTOS = YES_AGGRESSIVE;
				GCC_WARN_UNUSED_FUNCTION = YES;
				GCC_WARN_UNUSED_VARIABLE = YES;
				IPHONEOS_DEPLOYMENT_TARGET = 15.0;
				MTL_ENABLE_DEBUG_INFO = NO;
				MTL_FAST_MATH = YES;
				SDKROOT = iphoneos;
				SWIFT_COMPILATION_MODE = wholemodule;
				SWIFT_OPTIMIZATION_LEVEL = "-O";
				VALIDATE_PRODUCT = YES;
			};
			name = Release;
		};
		4A0544A22729095E00EC9314 /* Debug */ = {
			isa = XCBuildConfiguration;
			buildSettings = {
				ASSETCATALOG_COMPILER_APPICON_NAME = AppIcon;
				ASSETCATALOG_COMPILER_GLOBAL_ACCENT_COLOR_NAME = AccentColor;
				CODE_SIGN_STYLE = Automatic;
				CURRENT_PROJECT_VERSION = 1;
				DEVELOPMENT_TEAM = 4FGC5299R4;
				GENERATE_INFOPLIST_FILE = YES;
				INFOPLIST_FILE = "iOSAssessment-16/Info.plist";
				INFOPLIST_KEY_UIApplicationSupportsIndirectInputEvents = YES;
				INFOPLIST_KEY_UILaunchStoryboardName = LaunchScreen;
				INFOPLIST_KEY_UIMainStoryboardFile = Main;
				INFOPLIST_KEY_UISupportedInterfaceOrientations_iPad = "UIInterfaceOrientationPortrait UIInterfaceOrientationPortraitUpsideDown UIInterfaceOrientationLandscapeLeft UIInterfaceOrientationLandscapeRight";
				INFOPLIST_KEY_UISupportedInterfaceOrientations_iPhone = "UIInterfaceOrientationPortrait UIInterfaceOrientationLandscapeLeft UIInterfaceOrientationLandscapeRight";
				LD_RUNPATH_SEARCH_PATHS = (
					"$(inherited)",
					"@executable_path/Frameworks",
				);
				MARKETING_VERSION = 1.0;
				PRODUCT_BUNDLE_IDENTIFIER = "com.ttn.iOSAssessment-16";
				PRODUCT_NAME = "$(TARGET_NAME)";
				SWIFT_EMIT_LOC_STRINGS = YES;
				SWIFT_VERSION = 5.0;
				TARGETED_DEVICE_FAMILY = "1,2";
			};
			name = Debug;
		};
		4A0544A32729095E00EC9314 /* Release */ = {
			isa = XCBuildConfiguration;
			buildSettings = {
				ASSETCATALOG_COMPILER_APPICON_NAME = AppIcon;
				ASSETCATALOG_COMPILER_GLOBAL_ACCENT_COLOR_NAME = AccentColor;
				CODE_SIGN_STYLE = Automatic;
				CURRENT_PROJECT_VERSION = 1;
				DEVELOPMENT_TEAM = 4FGC5299R4;
				GENERATE_INFOPLIST_FILE = YES;
				INFOPLIST_FILE = "iOSAssessment-16/Info.plist";
				INFOPLIST_KEY_UIApplicationSupportsIndirectInputEvents = YES;
				INFOPLIST_KEY_UILaunchStoryboardName = LaunchScreen;
				INFOPLIST_KEY_UIMainStoryboardFile = Main;
				INFOPLIST_KEY_UISupportedInterfaceOrientations_iPad = "UIInterfaceOrientationPortrait UIInterfaceOrientationPortraitUpsideDown UIInterfaceOrientationLandscapeLeft UIInterfaceOrientationLandscapeRight";
				INFOPLIST_KEY_UISupportedInterfaceOrientations_iPhone = "UIInterfaceOrientationPortrait UIInterfaceOrientationLandscapeLeft UIInterfaceOrientationLandscapeRight";
				LD_RUNPATH_SEARCH_PATHS = (
					"$(inherited)",
					"@executable_path/Frameworks",
				);
				MARKETING_VERSION = 1.0;
				PRODUCT_BUNDLE_IDENTIFIER = "com.ttn.iOSAssessment-16";
				PRODUCT_NAME = "$(TARGET_NAME)";
				SWIFT_EMIT_LOC_STRINGS = YES;
				SWIFT_VERSION = 5.0;
				TARGETED_DEVICE_FAMILY = "1,2";
			};
			name = Release;
		};
		4A0544A52729095E00EC9314 /* Debug */ = {
			isa = XCBuildConfiguration;
			buildSettings = {
				ALWAYS_EMBED_SWIFT_STANDARD_LIBRARIES = YES;
				BUNDLE_LOADER = "$(TEST_HOST)";
				CODE_SIGN_STYLE = Automatic;
				CURRENT_PROJECT_VERSION = 1;
				DEVELOPMENT_TEAM = 4FGC5299R4;
				GENERATE_INFOPLIST_FILE = YES;
				IPHONEOS_DEPLOYMENT_TARGET = 15.0;
				LD_RUNPATH_SEARCH_PATHS = (
					"$(inherited)",
					"@executable_path/Frameworks",
					"@loader_path/Frameworks",
				);
				MARKETING_VERSION = 1.0;
				PRODUCT_BUNDLE_IDENTIFIER = "com.ttn.iOSAssessment-16Tests";
				PRODUCT_NAME = "$(TARGET_NAME)";
				SWIFT_EMIT_LOC_STRINGS = NO;
				SWIFT_VERSION = 5.0;
				TARGETED_DEVICE_FAMILY = "1,2";
				TEST_HOST = "$(BUILT_PRODUCTS_DIR)/iOSAssessment-16.app/iOSAssessment-16";
			};
			name = Debug;
		};
		4A0544A62729095E00EC9314 /* Release */ = {
			isa = XCBuildConfiguration;
			buildSettings = {
				ALWAYS_EMBED_SWIFT_STANDARD_LIBRARIES = YES;
				BUNDLE_LOADER = "$(TEST_HOST)";
				CODE_SIGN_STYLE = Automatic;
				CURRENT_PROJECT_VERSION = 1;
				DEVELOPMENT_TEAM = 4FGC5299R4;
				GENERATE_INFOPLIST_FILE = YES;
				IPHONEOS_DEPLOYMENT_TARGET = 15.0;
				LD_RUNPATH_SEARCH_PATHS = (
					"$(inherited)",
					"@executable_path/Frameworks",
					"@loader_path/Frameworks",
				);
				MARKETING_VERSION = 1.0;
				PRODUCT_BUNDLE_IDENTIFIER = "com.ttn.iOSAssessment-16Tests";
				PRODUCT_NAME = "$(TARGET_NAME)";
				SWIFT_EMIT_LOC_STRINGS = NO;
				SWIFT_VERSION = 5.0;
				TARGETED_DEVICE_FAMILY = "1,2";
				TEST_HOST = "$(BUILT_PRODUCTS_DIR)/iOSAssessment-16.app/iOSAssessment-16";
			};
			name = Release;
		};
		4A0544A82729095E00EC9314 /* Debug */ = {
			isa = XCBuildConfiguration;
			buildSettings = {
				ALWAYS_EMBED_SWIFT_STANDARD_LIBRARIES = YES;
				CODE_SIGN_STYLE = Automatic;
				CURRENT_PROJECT_VERSION = 1;
				DEVELOPMENT_TEAM = 4FGC5299R4;
				GENERATE_INFOPLIST_FILE = YES;
				LD_RUNPATH_SEARCH_PATHS = (
					"$(inherited)",
					"@executable_path/Frameworks",
					"@loader_path/Frameworks",
				);
				MARKETING_VERSION = 1.0;
				PRODUCT_BUNDLE_IDENTIFIER = "com.ttn.iOSAssessment-16UITests";
				PRODUCT_NAME = "$(TARGET_NAME)";
				SWIFT_EMIT_LOC_STRINGS = NO;
				SWIFT_VERSION = 5.0;
				TARGETED_DEVICE_FAMILY = "1,2";
				TEST_TARGET_NAME = "iOSAssessment-16";
			};
			name = Debug;
		};
		4A0544A92729095E00EC9314 /* Release */ = {
			isa = XCBuildConfiguration;
			buildSettings = {
				ALWAYS_EMBED_SWIFT_STANDARD_LIBRARIES = YES;
				CODE_SIGN_STYLE = Automatic;
				CURRENT_PROJECT_VERSION = 1;
				DEVELOPMENT_TEAM = 4FGC5299R4;
				GENERATE_INFOPLIST_FILE = YES;
				LD_RUNPATH_SEARCH_PATHS = (
					"$(inherited)",
					"@executable_path/Frameworks",
					"@loader_path/Frameworks",
				);
				MARKETING_VERSION = 1.0;
				PRODUCT_BUNDLE_IDENTIFIER = "com.ttn.iOSAssessment-16UITests";
				PRODUCT_NAME = "$(TARGET_NAME)";
				SWIFT_EMIT_LOC_STRINGS = NO;
				SWIFT_VERSION = 5.0;
				TARGETED_DEVICE_FAMILY = "1,2";
				TEST_TARGET_NAME = "iOSAssessment-16";
			};
			name = Release;
		};
/* End XCBuildConfiguration section */

/* Begin XCConfigurationList section */
		4A0544722729095C00EC9314 /* Build configuration list for PBXProject "iOSAssessment-16" */ = {
			isa = XCConfigurationList;
			buildConfigurations = (
				4A05449F2729095E00EC9314 /* Debug */,
				4A0544A02729095E00EC9314 /* Release */,
			);
			defaultConfigurationIsVisible = 0;
			defaultConfigurationName = Release;
		};
		4A0544A12729095E00EC9314 /* Build configuration list for PBXNativeTarget "iOSAssessment-16" */ = {
			isa = XCConfigurationList;
			buildConfigurations = (
				4A0544A22729095E00EC9314 /* Debug */,
				4A0544A32729095E00EC9314 /* Release */,
			);
			defaultConfigurationIsVisible = 0;
			defaultConfigurationName = Release;
		};
		4A0544A42729095E00EC9314 /* Build configuration list for PBXNativeTarget "iOSAssessment-16Tests" */ = {
			isa = XCConfigurationList;
			buildConfigurations = (
				4A0544A52729095E00EC9314 /* Debug */,
				4A0544A62729095E00EC9314 /* Release */,
			);
			defaultConfigurationIsVisible = 0;
			defaultConfigurationName = Release;
		};
		4A0544A72729095E00EC9314 /* Build configuration list for PBXNativeTarget "iOSAssessment-16UITests" */ = {
			isa = XCConfigurationList;
			buildConfigurations = (
				4A0544A82729095E00EC9314 /* Debug */,
				4A0544A92729095E00EC9314 /* Release */,
			);
			defaultConfigurationIsVisible = 0;
			defaultConfigurationName = Release;
		};
/* End XCConfigurationList section */
	};
	rootObject = 4A05446F2729095C00EC9314 /* Project object */;
}
