// !$*UTF8*$!
{
	archiveVersion = 1;
	classes = {
	};
	objectVersion = 55;
	objects = {

/* Begin PBXBuildFile section */
		4AB6139D271D191400F136C0 /* AppDelegate.swift in Sources */ = {isa = PBXBuildFile; fileRef = 4AB6139C271D191400F136C0 /* AppDelegate.swift */; };
		4AB6139F271D191400F136C0 /* SceneDelegate.swift in Sources */ = {isa = PBXBuildFile; fileRef = 4AB6139E271D191400F136C0 /* SceneDelegate.swift */; };
		4AB613A1271D191400F136C0 /* GetApiDemoViewcontroller.swift in Sources */ = {isa = PBXBuildFile; fileRef = 4AB613A0271D191400F136C0 /* GetApiDemoViewcontroller.swift */; };
		4AB613A4271D191400F136C0 /* Main.storyboard in Resources */ = {isa = PBXBuildFile; fileRef = 4AB613A2271D191400F136C0 /* Main.storyboard */; };
		4AB613A6271D191600F136C0 /* Assets.xcassets in Resources */ = {isa = PBXBuildFile; fileRef = 4AB613A5271D191600F136C0 /* Assets.xcassets */; };
		4AB613A9271D191600F136C0 /* LaunchScreen.storyboard in Resources */ = {isa = PBXBuildFile; fileRef = 4AB613A7271D191600F136C0 /* LaunchScreen.storyboard */; };
		4AB613B1271D22C500F136C0 /* Networking.swift in Sources */ = {isa = PBXBuildFile; fileRef = 4AB613B0271D22C500F136C0 /* Networking.swift */; };
		4AB613B6271D871600F136C0 /* EmployeePostsTableViewCell.swift in Sources */ = {isa = PBXBuildFile; fileRef = 4AB613B5271D871600F136C0 /* EmployeePostsTableViewCell.swift */; };
		4AB613B8271D95DA00F136C0 /* PostApiDemoViewController.swift in Sources */ = {isa = PBXBuildFile; fileRef = 4AB613B7271D95DA00F136C0 /* PostApiDemoViewController.swift */; };
		4AB613BA271D974700F136C0 /* AddCommentsVC.swift in Sources */ = {isa = PBXBuildFile; fileRef = 4AB613B9271D974700F136C0 /* AddCommentsVC.swift */; };
		903D33062721601000B4B100 /* Theory.swift in Sources */ = {isa = PBXBuildFile; fileRef = 903D33052721601000B4B100 /* Theory.swift */; };
		903D330827216BDA00B4B100 /* CommentsTableViewCell.swift in Sources */ = {isa = PBXBuildFile; fileRef = 903D330727216BDA00B4B100 /* CommentsTableViewCell.swift */; };
/* End PBXBuildFile section */

/* Begin PBXFileReference section */
		4AB61399271D191400F136C0 /* iOSAssessment-13.app */ = {isa = PBXFileReference; explicitFileType = wrapper.application; includeInIndex = 0; path = "iOSAssessment-13.app"; sourceTree = BUILT_PRODUCTS_DIR; };
		4AB6139C271D191400F136C0 /* AppDelegate.swift */ = {isa = PBXFileReference; lastKnownFileType = sourcecode.swift; path = AppDelegate.swift; sourceTree = "<group>"; };
		4AB6139E271D191400F136C0 /* SceneDelegate.swift */ = {isa = PBXFileReference; lastKnownFileType = sourcecode.swift; path = SceneDelegate.swift; sourceTree = "<group>"; };
		4AB613A0271D191400F136C0 /* GetApiDemoViewcontroller.swift */ = {isa = PBXFileReference; lastKnownFileType = sourcecode.swift; path = GetApiDemoViewcontroller.swift; sourceTree = "<group>"; };
		4AB613A3271D191400F136C0 /* Base */ = {isa = PBXFileReference; lastKnownFileType = file.storyboard; name = Base; path = Base.lproj/Main.storyboard; sourceTree = "<group>"; };
		4AB613A5271D191600F136C0 /* Assets.xcassets */ = {isa = PBXFileReference; lastKnownFileType = folder.assetcatalog; path = Assets.xcassets; sourceTree = "<group>"; };
		4AB613A8271D191600F136C0 /* Base */ = {isa = PBXFileReference; lastKnownFileType = file.storyboard; name = Base; path = Base.lproj/LaunchScreen.storyboard; sourceTree = "<group>"; };
		4AB613AA271D191600F136C0 /* Info.plist */ = {isa = PBXFileReference; lastKnownFileType = text.plist.xml; path = Info.plist; sourceTree = "<group>"; };
		4AB613B0271D22C500F136C0 /* Networking.swift */ = {isa = PBXFileReference; lastKnownFileType = sourcecode.swift; path = Networking.swift; sourceTree = "<group>"; };
		4AB613B5271D871600F136C0 /* EmployeePostsTableViewCell.swift */ = {isa = PBXFileReference; lastKnownFileType = sourcecode.swift; path = EmployeePostsTableViewCell.swift; sourceTree = "<group>"; };
		4AB613B7271D95DA00F136C0 /* PostApiDemoViewController.swift */ = {isa = PBXFileReference; lastKnownFileType = sourcecode.swift; path = PostApiDemoViewController.swift; sourceTree = "<group>"; };
		4AB613B9271D974700F136C0 /* AddCommentsVC.swift */ = {isa = PBXFileReference; lastKnownFileType = sourcecode.swift; path = AddCommentsVC.swift; sourceTree = "<group>"; };
		903D33052721601000B4B100 /* Theory.swift */ = {isa = PBXFileReference; lastKnownFileType = sourcecode.swift; path = Theory.swift; sourceTree = "<group>"; };
		903D330727216BDA00B4B100 /* CommentsTableViewCell.swift */ = {isa = PBXFileReference; lastKnownFileType = sourcecode.swift; path = CommentsTableViewCell.swift; sourceTree = "<group>"; };
/* End PBXFileReference section */

/* Begin PBXFrameworksBuildPhase section */
		4AB61396271D191400F136C0 /* Frameworks */ = {
			isa = PBXFrameworksBuildPhase;
			buildActionMask = 2147483647;
			files = (
			);
			runOnlyForDeploymentPostprocessing = 0;
		};
/* End PBXFrameworksBuildPhase section */

/* Begin PBXGroup section */
		4AB61390271D191400F136C0 = {
			isa = PBXGroup;
			children = (
				4AB6139B271D191400F136C0 /* iOSAssessment-13 */,
				4AB6139A271D191400F136C0 /* Products */,
			);
			sourceTree = "<group>";
		};
		4AB6139A271D191400F136C0 /* Products */ = {
			isa = PBXGroup;
			children = (
				4AB61399271D191400F136C0 /* iOSAssessment-13.app */,
			);
			name = Products;
			sourceTree = "<group>";
		};
		4AB6139B271D191400F136C0 /* iOSAssessment-13 */ = {
			isa = PBXGroup;
			children = (
				903D330427215FFA00B4B100 /* Theory */,
				4AB6139C271D191400F136C0 /* AppDelegate.swift */,
				4AB6139E271D191400F136C0 /* SceneDelegate.swift */,
				4AB613B4271D86E500F136C0 /* ViewControllers */,
				4AB613B2271D86BC00F136C0 /* TableViewCells */,
				4AB613B0271D22C500F136C0 /* Networking.swift */,
				4AB613A2271D191400F136C0 /* Main.storyboard */,
				4AB613A5271D191600F136C0 /* Assets.xcassets */,
				4AB613A7271D191600F136C0 /* LaunchScreen.storyboard */,
				4AB613AA271D191600F136C0 /* Info.plist */,
			);
			path = "iOSAssessment-13";
			sourceTree = "<group>";
		};
		4AB613B2271D86BC00F136C0 /* TableViewCells */ = {
			isa = PBXGroup;
			children = (
				4AB613B5271D871600F136C0 /* EmployeePostsTableViewCell.swift */,
				903D330727216BDA00B4B100 /* CommentsTableViewCell.swift */,
			);
			path = TableViewCells;
			sourceTree = "<group>";
		};
		4AB613B4271D86E500F136C0 /* ViewControllers */ = {
			isa = PBXGroup;
			children = (
				4AB613A0271D191400F136C0 /* GetApiDemoViewcontroller.swift */,
				4AB613B7271D95DA00F136C0 /* PostApiDemoViewController.swift */,
				4AB613B9271D974700F136C0 /* AddCommentsVC.swift */,
			);
			path = ViewControllers;
			sourceTree = "<group>";
		};
		903D330427215FFA00B4B100 /* Theory */ = {
			isa = PBXGroup;
			children = (
				903D33052721601000B4B100 /* Theory.swift */,
			);
			path = Theory;
			sourceTree = "<group>";
		};
/* End PBXGroup section */

/* Begin PBXNativeTarget section */
		4AB61398271D191400F136C0 /* iOSAssessment-13 */ = {
			isa = PBXNativeTarget;
			buildConfigurationList = 4AB613AD271D191600F136C0 /* Build configuration list for PBXNativeTarget "iOSAssessment-13" */;
			buildPhases = (
				4AB61395271D191400F136C0 /* Sources */,
				4AB61396271D191400F136C0 /* Frameworks */,
				4AB61397271D191400F136C0 /* Resources */,
			);
			buildRules = (
			);
			dependencies = (
			);
			name = "iOSAssessment-13";
			productName = "iOSAssessment-13";
			productReference = 4AB61399271D191400F136C0 /* iOSAssessment-13.app */;
			productType = "com.apple.product-type.application";
		};
/* End PBXNativeTarget section */

/* Begin PBXProject section */
		4AB61391271D191400F136C0 /* Project object */ = {
			isa = PBXProject;
			attributes = {
				BuildIndependentTargetsInParallel = 1;
				LastSwiftUpdateCheck = 1300;
				LastUpgradeCheck = 1300;
				TargetAttributes = {
					4AB61398271D191400F136C0 = {
						CreatedOnToolsVersion = 13.0;
					};
				};
			};
			buildConfigurationList = 4AB61394271D191400F136C0 /* Build configuration list for PBXProject "iOSAssessment-13" */;
			compatibilityVersion = "Xcode 13.0";
			developmentRegion = en;
			hasScannedForEncodings = 0;
			knownRegions = (
				en,
				Base,
			);
			mainGroup = 4AB61390271D191400F136C0;
			productRefGroup = 4AB6139A271D191400F136C0 /* Products */;
			projectDirPath = "";
			projectRoot = "";
			targets = (
				4AB61398271D191400F136C0 /* iOSAssessment-13 */,
			);
		};
/* End PBXProject section */

/* Begin PBXResourcesBuildPhase section */
		4AB61397271D191400F136C0 /* Resources */ = {
			isa = PBXResourcesBuildPhase;
			buildActionMask = 2147483647;
			files = (
				4AB613A9271D191600F136C0 /* LaunchScreen.storyboard in Resources */,
				4AB613A6271D191600F136C0 /* Assets.xcassets in Resources */,
				4AB613A4271D191400F136C0 /* Main.storyboard in Resources */,
			);
			runOnlyForDeploymentPostprocessing = 0;
		};
/* End PBXResourcesBuildPhase section */

/* Begin PBXSourcesBuildPhase section */
		4AB61395271D191400F136C0 /* Sources */ = {
			isa = PBXSourcesBuildPhase;
			buildActionMask = 2147483647;
			files = (
				4AB613A1271D191400F136C0 /* GetApiDemoViewcontroller.swift in Sources */,
				4AB613BA271D974700F136C0 /* AddCommentsVC.swift in Sources */,
				903D33062721601000B4B100 /* Theory.swift in Sources */,
				4AB613B6271D871600F136C0 /* EmployeePostsTableViewCell.swift in Sources */,
				4AB6139D271D191400F136C0 /* AppDelegate.swift in Sources */,
				4AB6139F271D191400F136C0 /* SceneDelegate.swift in Sources */,
				4AB613B1271D22C500F136C0 /* Networking.swift in Sources */,
				903D330827216BDA00B4B100 /* CommentsTableViewCell.swift in Sources */,
				4AB613B8271D95DA00F136C0 /* PostApiDemoViewController.swift in Sources */,
			);
			runOnlyForDeploymentPostprocessing = 0;
		};
/* End PBXSourcesBuildPhase section */

/* Begin PBXVariantGroup section */
		4AB613A2271D191400F136C0 /* Main.storyboard */ = {
			isa = PBXVariantGroup;
			children = (
				4AB613A3271D191400F136C0 /* Base */,
			);
			name = Main.storyboard;
			sourceTree = "<group>";
		};
		4AB613A7271D191600F136C0 /* LaunchScreen.storyboard */ = {
			isa = PBXVariantGroup;
			children = (
				4AB613A8271D191600F136C0 /* Base */,
			);
			name = LaunchScreen.storyboard;
			sourceTree = "<group>";
		};
/* End PBXVariantGroup section */

/* Begin XCBuildConfiguration section */
		4AB613AB271D191600F136C0 /* Debug */ = {
			isa = XCBuildConfiguration;
			buildSettings = {
				ALWAYS_SEARCH_USER_PATHS = NO;
				CLANG_ANALYZER_NONNULL = YES;
				CLANG_ANALYZER_NUMBER_OBJECT_CONVERSION = YES_AGGRESSIVE;
				CLANG_CXX_LANGUAGE_STANDARD = "gnu++17";
				CLANG_CXX_LIBRARY = "libc++";
				CLANG_ENABLE_MODULES = YES;
				CLANG_ENABLE_OBJC_ARC = YES;
				CLANG_ENABLE_OBJC_WEAK = YES;
				CLANG_WARN_BLOCK_CAPTURE_AUTORELEASING = YES;
				CLANG_WARN_BOOL_CONVERSION = YES;
				CLANG_WARN_COMMA = YES;
				CLANG_WARN_CONSTANT_CONVERSION = YES;
				CLANG_WARN_DEPRECATED_OBJC_IMPLEMENTATIONS = YES;
				CLANG_WARN_DIRECT_OBJC_ISA_USAGE = YES_ERROR;
				CLANG_WARN_DOCUMENTATION_COMMENTS = YES;
				CLANG_WARN_EMPTY_BODY = YES;
				CLANG_WARN_ENUM_CONVERSION = YES;
				CLANG_WARN_INFINITE_RECURSION = YES;
				CLANG_WARN_INT_CONVERSION = YES;
				CLANG_WARN_NON_LITERAL_NULL_CONVERSION = YES;
				CLANG_WARN_OBJC_IMPLICIT_RETAIN_SELF = YES;
				CLANG_WARN_OBJC_LITERAL_CONVERSION = YES;
				CLANG_WARN_OBJC_ROOT_CLASS = YES_ERROR;
				CLANG_WARN_QUOTED_INCLUDE_IN_FRAMEWORK_HEADER = YES;
				CLANG_WARN_RANGE_LOOP_ANALYSIS = YES;
				CLANG_WARN_STRICT_PROTOTYPES = YES;
				CLANG_WARN_SUSPICIOUS_MOVE = YES;
				CLANG_WARN_UNGUARDED_AVAILABILITY = YES_AGGRESSIVE;
				CLANG_WARN_UNREACHABLE_CODE = YES;
				CLANG_WARN__DUPLICATE_METHOD_MATCH = YES;
				COPY_PHASE_STRIP = NO;
				DEBUG_INFORMATION_FORMAT = dwarf;
				ENABLE_STRICT_OBJC_MSGSEND = YES;
				ENABLE_TESTABILITY = YES;
				GCC_C_LANGUAGE_STANDARD = gnu11;
				GCC_DYNAMIC_NO_PIC = NO;
				GCC_NO_COMMON_BLOCKS = YES;
				GCC_OPTIMIZATION_LEVEL = 0;
				GCC_PREPROCESSOR_DEFINITIONS = (
					"DEBUG=1",
					"$(inherited)",
				);
				GCC_WARN_64_TO_32_BIT_CONVERSION = YES;
				GCC_WARN_ABOUT_RETURN_TYPE = YES_ERROR;
				GCC_WARN_UNDECLARED_SELECTOR = YES;
				GCC_WARN_UNINITIALIZED_AUTOS = YES_AGGRESSIVE;
				GCC_WARN_UNUSED_FUNCTION = YES;
				GCC_WARN_UNUSED_VARIABLE = YES;
				IPHONEOS_DEPLOYMENT_TARGET = 15.0;
				MTL_ENABLE_DEBUG_INFO = INCLUDE_SOURCE;
				MTL_FAST_MATH = YES;
				ONLY_ACTIVE_ARCH = YES;
				SDKROOT = iphoneos;
				SWIFT_ACTIVE_COMPILATION_CONDITIONS = DEBUG;
				SWIFT_OPTIMIZATION_LEVEL = "-Onone";
			};
			name = Debug;
		};
		4AB613AC271D191600F136C0 /* Release */ = {
			isa = XCBuildConfiguration;
			buildSettings = {
				ALWAYS_SEARCH_USER_PATHS = NO;
				CLANG_ANALYZER_NONNULL = YES;
				CLANG_ANALYZER_NUMBER_OBJECT_CONVERSION = YES_AGGRESSIVE;
				CLANG_CXX_LANGUAGE_STANDARD = "gnu++17";
				CLANG_CXX_LIBRARY = "libc++";
				CLANG_ENABLE_MODULES = YES;
				CLANG_ENABLE_OBJC_ARC = YES;
				CLANG_ENABLE_OBJC_WEAK = YES;
				CLANG_WARN_BLOCK_CAPTURE_AUTORELEASING = YES;
				CLANG_WARN_BOOL_CONVERSION = YES;
				CLANG_WARN_COMMA = YES;
				CLANG_WARN_CONSTANT_CONVERSION = YES;
				CLANG_WARN_DEPRECATED_OBJC_IMPLEMENTATIONS = YES;
				CLANG_WARN_DIRECT_OBJC_ISA_USAGE = YES_ERROR;
				CLANG_WARN_DOCUMENTATION_COMMENTS = YES;
				CLANG_WARN_EMPTY_BODY = YES;
				CLANG_WARN_ENUM_CONVERSION = YES;
				CLANG_WARN_INFINITE_RECURSION = YES;
				CLANG_WARN_INT_CONVERSION = YES;
				CLANG_WARN_NON_LITERAL_NULL_CONVERSION = YES;
				CLANG_WARN_OBJC_IMPLICIT_RETAIN_SELF = YES;
				CLANG_WARN_OBJC_LITERAL_CONVERSION = YES;
				CLANG_WARN_OBJC_ROOT_CLASS = YES_ERROR;
				CLANG_WARN_QUOTED_INCLUDE_IN_FRAMEWORK_HEADER = YES;
				CLANG_WARN_RANGE_LOOP_ANALYSIS = YES;
				CLANG_WARN_STRICT_PROTOTYPES = YES;
				CLANG_WARN_SUSPICIOUS_MOVE = YES;
				CLANG_WARN_UNGUARDED_AVAILABILITY = YES_AGGRESSIVE;
				CLANG_WARN_UNREACHABLE_CODE = YES;
				CLANG_WARN__DUPLICATE_METHOD_MATCH = YES;
				COPY_PHASE_STRIP = NO;
				DEBUG_INFORMATION_FORMAT = "dwarf-with-dsym";
				ENABLE_NS_ASSERTIONS = NO;
				ENABLE_STRICT_OBJC_MSGSEND = YES;
				GCC_C_LANGUAGE_STANDARD = gnu11;
				GCC_NO_COMMON_BLOCKS = YES;
				GCC_WARN_64_TO_32_BIT_CONVERSION = YES;
				GCC_WARN_ABOUT_RETURN_TYPE = YES_ERROR;
				GCC_WARN_UNDECLARED_SELECTOR = YES;
				GCC_WARN_UNINITIALIZED_AUTOS = YES_AGGRESSIVE;
				GCC_WARN_UNUSED_FUNCTION = YES;
				GCC_WARN_UNUSED_VARIABLE = YES;
				IPHONEOS_DEPLOYMENT_TARGET = 15.0;
				MTL_ENABLE_DEBUG_INFO = NO;
				MTL_FAST_MATH = YES;
				SDKROOT = iphoneos;
				SWIFT_COMPILATION_MODE = wholemodule;
				SWIFT_OPTIMIZATION_LEVEL = "-O";
				VALIDATE_PRODUCT = YES;
			};
			name = Release;
		};
		4AB613AE271D191600F136C0 /* Debug */ = {
			isa = XCBuildConfiguration;
			buildSettings = {
				ASSETCATALOG_COMPILER_APPICON_NAME = AppIcon;
				ASSETCATALOG_COMPILER_GLOBAL_ACCENT_COLOR_NAME = AccentColor;
				CODE_SIGN_STYLE = Automatic;
				CURRENT_PROJECT_VERSION = 1;
				DEVELOPMENT_TEAM = 4FGC5299R4;
				GENERATE_INFOPLIST_FILE = YES;
				INFOPLIST_FILE = "iOSAssessment-13/Info.plist";
				INFOPLIST_KEY_UIApplicationSupportsIndirectInputEvents = YES;
				INFOPLIST_KEY_UILaunchStoryboardName = LaunchScreen;
				INFOPLIST_KEY_UIMainStoryboardFile = Main;
				INFOPLIST_KEY_UISupportedInterfaceOrientations_iPad = "UIInterfaceOrientationPortrait UIInterfaceOrientationPortraitUpsideDown UIInterfaceOrientationLandscapeLeft UIInterfaceOrientationLandscapeRight";
				INFOPLIST_KEY_UISupportedInterfaceOrientations_iPhone = "UIInterfaceOrientationPortrait UIInterfaceOrientationLandscapeLeft UIInterfaceOrientationLandscapeRight";
				LD_RUNPATH_SEARCH_PATHS = (
					"$(inherited)",
					"@executable_path/Frameworks",
				);
				MARKETING_VERSION = 1.0;
				PRODUCT_BUNDLE_IDENTIFIER = "com.ttn.iOSAssessment-13";
				PRODUCT_NAME = "$(TARGET_NAME)";
				SWIFT_EMIT_LOC_STRINGS = YES;
				SWIFT_VERSION = 5.0;
				TARGETED_DEVICE_FAMILY = "1,2";
			};
			name = Debug;
		};
		4AB613AF271D191600F136C0 /* Release */ = {
			isa = XCBuildConfiguration;
			buildSettings = {
				ASSETCATALOG_COMPILER_APPICON_NAME = AppIcon;
				ASSETCATALOG_COMPILER_GLOBAL_ACCENT_COLOR_NAME = AccentColor;
				CODE_SIGN_STYLE = Automatic;
				CURRENT_PROJECT_VERSION = 1;
				DEVELOPMENT_TEAM = 4FGC5299R4;
				GENERATE_INFOPLIST_FILE = YES;
				INFOPLIST_FILE = "iOSAssessment-13/Info.plist";
				INFOPLIST_KEY_UIApplicationSupportsIndirectInputEvents = YES;
				INFOPLIST_KEY_UILaunchStoryboardName = LaunchScreen;
				INFOPLIST_KEY_UIMainStoryboardFile = Main;
				INFOPLIST_KEY_UISupportedInterfaceOrientations_iPad = "UIInterfaceOrientationPortrait UIInterfaceOrientationPortraitUpsideDown UIInterfaceOrientationLandscapeLeft UIInterfaceOrientationLandscapeRight";
				INFOPLIST_KEY_UISupportedInterfaceOrientations_iPhone = "UIInterfaceOrientationPortrait UIInterfaceOrientationLandscapeLeft UIInterfaceOrientationLandscapeRight";
				LD_RUNPATH_SEARCH_PATHS = (
					"$(inherited)",
					"@executable_path/Frameworks",
				);
				MARKETING_VERSION = 1.0;
				PRODUCT_BUNDLE_IDENTIFIER = "com.ttn.iOSAssessment-13";
				PRODUCT_NAME = "$(TARGET_NAME)";
				SWIFT_EMIT_LOC_STRINGS = YES;
				SWIFT_VERSION = 5.0;
				TARGETED_DEVICE_FAMILY = "1,2";
			};
			name = Release;
		};
/* End XCBuildConfiguration section */

/* Begin XCConfigurationList section */
		4AB61394271D191400F136C0 /* Build configuration list for PBXProject "iOSAssessment-13" */ = {
			isa = XCConfigurationList;
			buildConfigurations = (
				4AB613AB271D191600F136C0 /* Debug */,
				4AB613AC271D191600F136C0 /* Release */,
			);
			defaultConfigurationIsVisible = 0;
			defaultConfigurationName = Release;
		};
		4AB613AD271D191600F136C0 /* Build configuration list for PBXNativeTarget "iOSAssessment-13" */ = {
			isa = XCConfigurationList;
			buildConfigurations = (
				4AB613AE271D191600F136C0 /* Debug */,
				4AB613AF271D191600F136C0 /* Release */,
			);
			defaultConfigurationIsVisible = 0;
			defaultConfigurationName = Release;
		};
/* End XCConfigurationList section */
	};
	rootObject = 4AB61391271D191400F136C0 /* Project object */;
}
