// !$*UTF8*$!
{
	archiveVersion = 1;
	classes = {
	};
	objectVersion = 55;
	objects = {

/* Begin PBXBuildFile section */
		90A4374827267E8000826683 /* AppDelegate.swift in Sources */ = {isa = PBXBuildFile; fileRef = 90A4374727267E8000826683 /* AppDelegate.swift */; };
		90A4374A27267E8000826683 /* SceneDelegate.swift in Sources */ = {isa = PBXBuildFile; fileRef = 90A4374927267E8000826683 /* SceneDelegate.swift */; };
		90A4374C27267E8000826683 /* GalleryViewController.swift in Sources */ = {isa = PBXBuildFile; fileRef = 90A4374B27267E8000826683 /* GalleryViewController.swift */; };
		90A4374F27267E8000826683 /* Main.storyboard in Resources */ = {isa = PBXBuildFile; fileRef = 90A4374D27267E8000826683 /* Main.storyboard */; };
		90A4375127267E8100826683 /* Assets.xcassets in Resources */ = {isa = PBXBuildFile; fileRef = 90A4375027267E8100826683 /* Assets.xcassets */; };
		90A4375427267E8100826683 /* LaunchScreen.storyboard in Resources */ = {isa = PBXBuildFile; fileRef = 90A4375227267E8100826683 /* LaunchScreen.storyboard */; };
		90A4375C2726805B00826683 /* GallaryPhotoDetailViewController.swift in Sources */ = {isa = PBXBuildFile; fileRef = 90A4375B2726805B00826683 /* GallaryPhotoDetailViewController.swift */; };
		90A4375E2726810400826683 /* GalleryItemsCollectionViewCell.swift in Sources */ = {isa = PBXBuildFile; fileRef = 90A4375D2726810400826683 /* GalleryItemsCollectionViewCell.swift */; };
		90A437602726859400826683 /* Extensions.swift in Sources */ = {isa = PBXBuildFile; fileRef = 90A4375F2726859400826683 /* Extensions.swift */; };
		90A43764272685A800826683 /* Model.swift in Sources */ = {isa = PBXBuildFile; fileRef = 90A43763272685A800826683 /* Model.swift */; };
		90A437692726A8E800826683 /* Constants.swift in Sources */ = {isa = PBXBuildFile; fileRef = 90A437682726A8E800826683 /* Constants.swift */; };
/* End PBXBuildFile section */

/* Begin PBXFileReference section */
		90A4374427267E8000826683 /* iOSAssessment-12.app */ = {isa = PBXFileReference; explicitFileType = wrapper.application; includeInIndex = 0; path = "iOSAssessment-12.app"; sourceTree = BUILT_PRODUCTS_DIR; };
		90A4374727267E8000826683 /* AppDelegate.swift */ = {isa = PBXFileReference; lastKnownFileType = sourcecode.swift; path = AppDelegate.swift; sourceTree = "<group>"; };
		90A4374927267E8000826683 /* SceneDelegate.swift */ = {isa = PBXFileReference; lastKnownFileType = sourcecode.swift; path = SceneDelegate.swift; sourceTree = "<group>"; };
		90A4374B27267E8000826683 /* GalleryViewController.swift */ = {isa = PBXFileReference; lastKnownFileType = sourcecode.swift; path = GalleryViewController.swift; sourceTree = "<group>"; };
		90A4374E27267E8000826683 /* Base */ = {isa = PBXFileReference; lastKnownFileType = file.storyboard; name = Base; path = Base.lproj/Main.storyboard; sourceTree = "<group>"; };
		90A4375027267E8100826683 /* Assets.xcassets */ = {isa = PBXFileReference; lastKnownFileType = folder.assetcatalog; path = Assets.xcassets; sourceTree = "<group>"; };
		90A4375327267E8100826683 /* Base */ = {isa = PBXFileReference; lastKnownFileType = file.storyboard; name = Base; path = Base.lproj/LaunchScreen.storyboard; sourceTree = "<group>"; };
		90A4375527267E8100826683 /* Info.plist */ = {isa = PBXFileReference; lastKnownFileType = text.plist.xml; path = Info.plist; sourceTree = "<group>"; };
		90A4375B2726805B00826683 /* GallaryPhotoDetailViewController.swift */ = {isa = PBXFileReference; lastKnownFileType = sourcecode.swift; path = GallaryPhotoDetailViewController.swift; sourceTree = "<group>"; };
		90A4375D2726810400826683 /* GalleryItemsCollectionViewCell.swift */ = {isa = PBXFileReference; lastKnownFileType = sourcecode.swift; path = GalleryItemsCollectionViewCell.swift; sourceTree = "<group>"; };
		90A4375F2726859400826683 /* Extensions.swift */ = {isa = PBXFileReference; lastKnownFileType = sourcecode.swift; path = Extensions.swift; sourceTree = "<group>"; };
		90A43763272685A800826683 /* Model.swift */ = {isa = PBXFileReference; lastKnownFileType = sourcecode.swift; path = Model.swift; sourceTree = "<group>"; };
		90A437682726A8E800826683 /* Constants.swift */ = {isa = PBXFileReference; lastKnownFileType = sourcecode.swift; path = Constants.swift; sourceTree = "<group>"; };
/* End PBXFileReference section */

/* Begin PBXFrameworksBuildPhase section */
		90A4374127267E8000826683 /* Frameworks */ = {
			isa = PBXFrameworksBuildPhase;
			buildActionMask = 2147483647;
			files = (
			);
			runOnlyForDeploymentPostprocessing = 0;
		};
/* End PBXFrameworksBuildPhase section */

/* Begin PBXGroup section */
		90A4373B27267E8000826683 = {
			isa = PBXGroup;
			children = (
				90A4374627267E8000826683 /* iOSAssessment-12 */,
				90A4374527267E8000826683 /* Products */,
			);
			sourceTree = "<group>";
		};
		90A4374527267E8000826683 /* Products */ = {
			isa = PBXGroup;
			children = (
				90A4374427267E8000826683 /* iOSAssessment-12.app */,
			);
			name = Products;
			sourceTree = "<group>";
		};
		90A4374627267E8000826683 /* iOSAssessment-12 */ = {
			isa = PBXGroup;
			children = (
				90A4374727267E8000826683 /* AppDelegate.swift */,
				90A4374927267E8000826683 /* SceneDelegate.swift */,
				90A43765272685BA00826683 /* Controllers */,
				90A43766272685CC00826683 /* Model */,
				90A43767272685E300826683 /* View */,
				90A4374D27267E8000826683 /* Main.storyboard */,
				90A4375F2726859400826683 /* Extensions.swift */,
				90A437682726A8E800826683 /* Constants.swift */,
				90A4375027267E8100826683 /* Assets.xcassets */,
				90A4375227267E8100826683 /* LaunchScreen.storyboard */,
				90A4375527267E8100826683 /* Info.plist */,
			);
			path = "iOSAssessment-12";
			sourceTree = "<group>";
		};
		90A43765272685BA00826683 /* Controllers */ = {
			isa = PBXGroup;
			children = (
				90A4374B27267E8000826683 /* GalleryViewController.swift */,
				90A4375B2726805B00826683 /* GallaryPhotoDetailViewController.swift */,
			);
			path = Controllers;
			sourceTree = "<group>";
		};
		90A43766272685CC00826683 /* Model */ = {
			isa = PBXGroup;
			children = (
				90A43763272685A800826683 /* Model.swift */,
			);
			path = Model;
			sourceTree = "<group>";
		};
		90A43767272685E300826683 /* View */ = {
			isa = PBXGroup;
			children = (
				90A4375D2726810400826683 /* GalleryItemsCollectionViewCell.swift */,
			);
			path = View;
			sourceTree = "<group>";
		};
/* End PBXGroup section */

/* Begin PBXNativeTarget section */
		90A4374327267E8000826683 /* iOSAssessment-12 */ = {
			isa = PBXNativeTarget;
			buildConfigurationList = 90A4375827267E8100826683 /* Build configuration list for PBXNativeTarget "iOSAssessment-12" */;
			buildPhases = (
				90A4374027267E8000826683 /* Sources */,
				90A4374127267E8000826683 /* Frameworks */,
				90A4374227267E8000826683 /* Resources */,
			);
			buildRules = (
			);
			dependencies = (
			);
			name = "iOSAssessment-12";
			productName = "iOSAssessment-12";
			productReference = 90A4374427267E8000826683 /* iOSAssessment-12.app */;
			productType = "com.apple.product-type.application";
		};
/* End PBXNativeTarget section */

/* Begin PBXProject section */
		90A4373C27267E8000826683 /* Project object */ = {
			isa = PBXProject;
			attributes = {
				BuildIndependentTargetsInParallel = 1;
				LastSwiftUpdateCheck = 1300;
				LastUpgradeCheck = 1300;
				TargetAttributes = {
					90A4374327267E8000826683 = {
						CreatedOnToolsVersion = 13.0;
					};
				};
			};
			buildConfigurationList = 90A4373F27267E8000826683 /* Build configuration list for PBXProject "iOSAssessment-12" */;
			compatibilityVersion = "Xcode 13.0";
			developmentRegion = en;
			hasScannedForEncodings = 0;
			knownRegions = (
				en,
				Base,
			);
			mainGroup = 90A4373B27267E8000826683;
			productRefGroup = 90A4374527267E8000826683 /* Products */;
			projectDirPath = "";
			projectRoot = "";
			targets = (
				90A4374327267E8000826683 /* iOSAssessment-12 */,
			);
		};
/* End PBXProject section */

/* Begin PBXResourcesBuildPhase section */
		90A4374227267E8000826683 /* Resources */ = {
			isa = PBXResourcesBuildPhase;
			buildActionMask = 2147483647;
			files = (
				90A4375427267E8100826683 /* LaunchScreen.storyboard in Resources */,
				90A4375127267E8100826683 /* Assets.xcassets in Resources */,
				90A4374F27267E8000826683 /* Main.storyboard in Resources */,
			);
			runOnlyForDeploymentPostprocessing = 0;
		};
/* End PBXResourcesBuildPhase section */

/* Begin PBXSourcesBuildPhase section */
		90A4374027267E8000826683 /* Sources */ = {
			isa = PBXSourcesBuildPhase;
			buildActionMask = 2147483647;
			files = (
				90A4375E2726810400826683 /* GalleryItemsCollectionViewCell.swift in Sources */,
				90A437602726859400826683 /* Extensions.swift in Sources */,
				90A4374C27267E8000826683 /* GalleryViewController.swift in Sources */,
				90A437692726A8E800826683 /* Constants.swift in Sources */,
				90A4375C2726805B00826683 /* GallaryPhotoDetailViewController.swift in Sources */,
				90A4374827267E8000826683 /* AppDelegate.swift in Sources */,
				90A4374A27267E8000826683 /* SceneDelegate.swift in Sources */,
				90A43764272685A800826683 /* Model.swift in Sources */,
			);
			runOnlyForDeploymentPostprocessing = 0;
		};
/* End PBXSourcesBuildPhase section */

/* Begin PBXVariantGroup section */
		90A4374D27267E8000826683 /* Main.storyboard */ = {
			isa = PBXVariantGroup;
			children = (
				90A4374E27267E8000826683 /* Base */,
			);
			name = Main.storyboard;
			sourceTree = "<group>";
		};
		90A4375227267E8100826683 /* LaunchScreen.storyboard */ = {
			isa = PBXVariantGroup;
			children = (
				90A4375327267E8100826683 /* Base */,
			);
			name = LaunchScreen.storyboard;
			sourceTree = "<group>";
		};
/* End PBXVariantGroup section */

/* Begin XCBuildConfiguration section */
		90A4375627267E8100826683 /* Debug */ = {
			isa = XCBuildConfiguration;
			buildSettings = {
				ALWAYS_SEARCH_USER_PATHS = NO;
				CLANG_ANALYZER_NONNULL = YES;
				CLANG_ANALYZER_NUMBER_OBJECT_CONVERSION = YES_AGGRESSIVE;
				CLANG_CXX_LANGUAGE_STANDARD = "gnu++17";
				CLANG_CXX_LIBRARY = "libc++";
				CLANG_ENABLE_MODULES = YES;
				CLANG_ENABLE_OBJC_ARC = YES;
				CLANG_ENABLE_OBJC_WEAK = YES;
				CLANG_WARN_BLOCK_CAPTURE_AUTORELEASING = YES;
				CLANG_WARN_BOOL_CONVERSION = YES;
				CLANG_WARN_COMMA = YES;
				CLANG_WARN_CONSTANT_CONVERSION = YES;
				CLANG_WARN_DEPRECATED_OBJC_IMPLEMENTATIONS = YES;
				CLANG_WARN_DIRECT_OBJC_ISA_USAGE = YES_ERROR;
				CLANG_WARN_DOCUMENTATION_COMMENTS = YES;
				CLANG_WARN_EMPTY_BODY = YES;
				CLANG_WARN_ENUM_CONVERSION = YES;
				CLANG_WARN_INFINITE_RECURSION = YES;
				CLANG_WARN_INT_CONVERSION = YES;
				CLANG_WARN_NON_LITERAL_NULL_CONVERSION = YES;
				CLANG_WARN_OBJC_IMPLICIT_RETAIN_SELF = YES;
				CLANG_WARN_OBJC_LITERAL_CONVERSION = YES;
				CLANG_WARN_OBJC_ROOT_CLASS = YES_ERROR;
				CLANG_WARN_QUOTED_INCLUDE_IN_FRAMEWORK_HEADER = YES;
				CLANG_WARN_RANGE_LOOP_ANALYSIS = YES;
				CLANG_WARN_STRICT_PROTOTYPES = YES;
				CLANG_WARN_SUSPICIOUS_MOVE = YES;
				CLANG_WARN_UNGUARDED_AVAILABILITY = YES_AGGRESSIVE;
				CLANG_WARN_UNREACHABLE_CODE = YES;
				CLANG_WARN__DUPLICATE_METHOD_MATCH = YES;
				COPY_PHASE_STRIP = NO;
				DEBUG_INFORMATION_FORMAT = dwarf;
				ENABLE_STRICT_OBJC_MSGSEND = YES;
				ENABLE_TESTABILITY = YES;
				GCC_C_LANGUAGE_STANDARD = gnu11;
				GCC_DYNAMIC_NO_PIC = NO;
				GCC_NO_COMMON_BLOCKS = YES;
				GCC_OPTIMIZATION_LEVEL = 0;
				GCC_PREPROCESSOR_DEFINITIONS = (
					"DEBUG=1",
					"$(inherited)",
				);
				GCC_WARN_64_TO_32_BIT_CONVERSION = YES;
				GCC_WARN_ABOUT_RETURN_TYPE = YES_ERROR;
				GCC_WARN_UNDECLARED_SELECTOR = YES;
				GCC_WARN_UNINITIALIZED_AUTOS = YES_AGGRESSIVE;
				GCC_WARN_UNUSED_FUNCTION = YES;
				GCC_WARN_UNUSED_VARIABLE = YES;
				IPHONEOS_DEPLOYMENT_TARGET = 15.0;
				MTL_ENABLE_DEBUG_INFO = INCLUDE_SOURCE;
				MTL_FAST_MATH = YES;
				ONLY_ACTIVE_ARCH = YES;
				SDKROOT = iphoneos;
				SWIFT_ACTIVE_COMPILATION_CONDITIONS = DEBUG;
				SWIFT_OPTIMIZATION_LEVEL = "-Onone";
			};
			name = Debug;
		};
		90A4375727267E8100826683 /* Release */ = {
			isa = XCBuildConfiguration;
			buildSettings = {
				ALWAYS_SEARCH_USER_PATHS = NO;
				CLANG_ANALYZER_NONNULL = YES;
				CLANG_ANALYZER_NUMBER_OBJECT_CONVERSION = YES_AGGRESSIVE;
				CLANG_CXX_LANGUAGE_STANDARD = "gnu++17";
				CLANG_CXX_LIBRARY = "libc++";
				CLANG_ENABLE_MODULES = YES;
				CLANG_ENABLE_OBJC_ARC = YES;
				CLANG_ENABLE_OBJC_WEAK = YES;
				CLANG_WARN_BLOCK_CAPTURE_AUTORELEASING = YES;
				CLANG_WARN_BOOL_CONVERSION = YES;
				CLANG_WARN_COMMA = YES;
				CLANG_WARN_CONSTANT_CONVERSION = YES;
				CLANG_WARN_DEPRECATED_OBJC_IMPLEMENTATIONS = YES;
				CLANG_WARN_DIRECT_OBJC_ISA_USAGE = YES_ERROR;
				CLANG_WARN_DOCUMENTATION_COMMENTS = YES;
				CLANG_WARN_EMPTY_BODY = YES;
				CLANG_WARN_ENUM_CONVERSION = YES;
				CLANG_WARN_INFINITE_RECURSION = YES;
				CLANG_WARN_INT_CONVERSION = YES;
				CLANG_WARN_NON_LITERAL_NULL_CONVERSION = YES;
				CLANG_WARN_OBJC_IMPLICIT_RETAIN_SELF = YES;
				CLANG_WARN_OBJC_LITERAL_CONVERSION = YES;
				CLANG_WARN_OBJC_ROOT_CLASS = YES_ERROR;
				CLANG_WARN_QUOTED_INCLUDE_IN_FRAMEWORK_HEADER = YES;
				CLANG_WARN_RANGE_LOOP_ANALYSIS = YES;
				CLANG_WARN_STRICT_PROTOTYPES = YES;
				CLANG_WARN_SUSPICIOUS_MOVE = YES;
				CLANG_WARN_UNGUARDED_AVAILABILITY = YES_AGGRESSIVE;
				CLANG_WARN_UNREACHABLE_CODE = YES;
				CLANG_WARN__DUPLICATE_METHOD_MATCH = YES;
				COPY_PHASE_STRIP = NO;
				DEBUG_INFORMATION_FORMAT = "dwarf-with-dsym";
				ENABLE_NS_ASSERTIONS = NO;
				ENABLE_STRICT_OBJC_MSGSEND = YES;
				GCC_C_LANGUAGE_STANDARD = gnu11;
				GCC_NO_COMMON_BLOCKS = YES;
				GCC_WARN_64_TO_32_BIT_CONVERSION = YES;
				GCC_WARN_ABOUT_RETURN_TYPE = YES_ERROR;
				GCC_WARN_UNDECLARED_SELECTOR = YES;
				GCC_WARN_UNINITIALIZED_AUTOS = YES_AGGRESSIVE;
				GCC_WARN_UNUSED_FUNCTION = YES;
				GCC_WARN_UNUSED_VARIABLE = YES;
				IPHONEOS_DEPLOYMENT_TARGET = 15.0;
				MTL_ENABLE_DEBUG_INFO = NO;
				MTL_FAST_MATH = YES;
				SDKROOT = iphoneos;
				SWIFT_COMPILATION_MODE = wholemodule;
				SWIFT_OPTIMIZATION_LEVEL = "-O";
				VALIDATE_PRODUCT = YES;
			};
			name = Release;
		};
		90A4375927267E8100826683 /* Debug */ = {
			isa = XCBuildConfiguration;
			buildSettings = {
				ASSETCATALOG_COMPILER_APPICON_NAME = AppIcon;
				ASSETCATALOG_COMPILER_GLOBAL_ACCENT_COLOR_NAME = AccentColor;
				CODE_SIGN_STYLE = Automatic;
				CURRENT_PROJECT_VERSION = 1;
				GENERATE_INFOPLIST_FILE = YES;
				INFOPLIST_FILE = "iOSAssessment-12/Info.plist";
				INFOPLIST_KEY_UIApplicationSupportsIndirectInputEvents = YES;
				INFOPLIST_KEY_UILaunchStoryboardName = LaunchScreen;
				INFOPLIST_KEY_UIMainStoryboardFile = Main;
				INFOPLIST_KEY_UISupportedInterfaceOrientations_iPad = "UIInterfaceOrientationPortrait UIInterfaceOrientationPortraitUpsideDown UIInterfaceOrientationLandscapeLeft UIInterfaceOrientationLandscapeRight";
				INFOPLIST_KEY_UISupportedInterfaceOrientations_iPhone = "UIInterfaceOrientationPortrait UIInterfaceOrientationLandscapeLeft UIInterfaceOrientationLandscapeRight";
				LD_RUNPATH_SEARCH_PATHS = (
					"$(inherited)",
					"@executable_path/Frameworks",
				);
				MARKETING_VERSION = 1.0;
				PRODUCT_BUNDLE_IDENTIFIER = "com.ttn.iOSAssessment-12";
				PRODUCT_NAME = "$(TARGET_NAME)";
				SWIFT_EMIT_LOC_STRINGS = YES;
				SWIFT_VERSION = 5.0;
				TARGETED_DEVICE_FAMILY = "1,2";
			};
			name = Debug;
		};
		90A4375A27267E8100826683 /* Release */ = {
			isa = XCBuildConfiguration;
			buildSettings = {
				ASSETCATALOG_COMPILER_APPICON_NAME = AppIcon;
				ASSETCATALOG_COMPILER_GLOBAL_ACCENT_COLOR_NAME = AccentColor;
				CODE_SIGN_STYLE = Automatic;
				CURRENT_PROJECT_VERSION = 1;
				GENERATE_INFOPLIST_FILE = YES;
				INFOPLIST_FILE = "iOSAssessment-12/Info.plist";
				INFOPLIST_KEY_UIApplicationSupportsIndirectInputEvents = YES;
				INFOPLIST_KEY_UILaunchStoryboardName = LaunchScreen;
				INFOPLIST_KEY_UIMainStoryboardFile = Main;
				INFOPLIST_KEY_UISupportedInterfaceOrientations_iPad = "UIInterfaceOrientationPortrait UIInterfaceOrientationPortraitUpsideDown UIInterfaceOrientationLandscapeLeft UIInterfaceOrientationLandscapeRight";
				INFOPLIST_KEY_UISupportedInterfaceOrientations_iPhone = "UIInterfaceOrientationPortrait UIInterfaceOrientationLandscapeLeft UIInterfaceOrientationLandscapeRight";
				LD_RUNPATH_SEARCH_PATHS = (
					"$(inherited)",
					"@executable_path/Frameworks",
				);
				MARKETING_VERSION = 1.0;
				PRODUCT_BUNDLE_IDENTIFIER = "com.ttn.iOSAssessment-12";
				PRODUCT_NAME = "$(TARGET_NAME)";
				SWIFT_EMIT_LOC_STRINGS = YES;
				SWIFT_VERSION = 5.0;
				TARGETED_DEVICE_FAMILY = "1,2";
			};
			name = Release;
		};
/* End XCBuildConfiguration section */

/* Begin XCConfigurationList section */
		90A4373F27267E8000826683 /* Build configuration list for PBXProject "iOSAssessment-12" */ = {
			isa = XCConfigurationList;
			buildConfigurations = (
				90A4375627267E8100826683 /* Debug */,
				90A4375727267E8100826683 /* Release */,
			);
			defaultConfigurationIsVisible = 0;
			defaultConfigurationName = Release;
		};
		90A4375827267E8100826683 /* Build configuration list for PBXNativeTarget "iOSAssessment-12" */ = {
			isa = XCConfigurationList;
			buildConfigurations = (
				90A4375927267E8100826683 /* Debug */,
				90A4375A27267E8100826683 /* Release */,
			);
			defaultConfigurationIsVisible = 0;
			defaultConfigurationName = Release;
		};
/* End XCConfigurationList section */
	};
	rootObject = 90A4373C27267E8000826683 /* Project object */;
}
