// !$*UTF8*$!
{
	archiveVersion = 1;
	classes = {
	};
	objectVersion = 55;
	objects = {

/* Begin PBXBuildFile section */
		4A0544BE272937D600EC9314 /* AppDelegate.swift in Sources */ = {isa = PBXBuildFile; fileRef = 4A0544BD272937D600EC9314 /* AppDelegate.swift */; };
		4A0544C0272937D600EC9314 /* SceneDelegate.swift in Sources */ = {isa = PBXBuildFile; fileRef = 4A0544BF272937D600EC9314 /* SceneDelegate.swift */; };
		4A0544C5272937D600EC9314 /* Main.storyboard in Resources */ = {isa = PBXBuildFile; fileRef = 4A0544C3272937D600EC9314 /* Main.storyboard */; };
		4A0544C7272937D700EC9314 /* Assets.xcassets in Resources */ = {isa = PBXBuildFile; fileRef = 4A0544C6272937D700EC9314 /* Assets.xcassets */; };
		4A0544CA272937D700EC9314 /* LaunchScreen.storyboard in Resources */ = {isa = PBXBuildFile; fileRef = 4A0544C8272937D700EC9314 /* LaunchScreen.storyboard */; };
		4A0DF143272939ED000C68AE /* PlayersViewController.swift in Sources */ = {isa = PBXBuildFile; fileRef = 4A0DF142272939ED000C68AE /* PlayersViewController.swift */; };
		4A0DF14527293A16000C68AE /* PlayersModel.swift in Sources */ = {isa = PBXBuildFile; fileRef = 4A0DF14427293A16000C68AE /* PlayersModel.swift */; };
		4A0DF14727293A9D000C68AE /* PlayersData.swift in Sources */ = {isa = PBXBuildFile; fileRef = 4A0DF14627293A9D000C68AE /* PlayersData.swift */; };
		4A6BC382272938F300680857 /* PlayersTableViewCell.swift in Sources */ = {isa = PBXBuildFile; fileRef = 4A6BC381272938F300680857 /* PlayersTableViewCell.swift */; };
/* End PBXBuildFile section */

/* Begin PBXFileReference section */
		4A0544BA272937D600EC9314 /* iOSAssessment-19.app */ = {isa = PBXFileReference; explicitFileType = wrapper.application; includeInIndex = 0; path = "iOSAssessment-19.app"; sourceTree = BUILT_PRODUCTS_DIR; };
		4A0544BD272937D600EC9314 /* AppDelegate.swift */ = {isa = PBXFileReference; lastKnownFileType = sourcecode.swift; path = AppDelegate.swift; sourceTree = "<group>"; };
		4A0544BF272937D600EC9314 /* SceneDelegate.swift */ = {isa = PBXFileReference; lastKnownFileType = sourcecode.swift; path = SceneDelegate.swift; sourceTree = "<group>"; };
		4A0544C4272937D600EC9314 /* Base */ = {isa = PBXFileReference; lastKnownFileType = file.storyboard; name = Base; path = Base.lproj/Main.storyboard; sourceTree = "<group>"; };
		4A0544C6272937D700EC9314 /* Assets.xcassets */ = {isa = PBXFileReference; lastKnownFileType = folder.assetcatalog; path = Assets.xcassets; sourceTree = "<group>"; };
		4A0544C9272937D700EC9314 /* Base */ = {isa = PBXFileReference; lastKnownFileType = file.storyboard; name = Base; path = Base.lproj/LaunchScreen.storyboard; sourceTree = "<group>"; };
		4A0544CB272937D700EC9314 /* Info.plist */ = {isa = PBXFileReference; lastKnownFileType = text.plist.xml; path = Info.plist; sourceTree = "<group>"; };
		4A0DF142272939ED000C68AE /* PlayersViewController.swift */ = {isa = PBXFileReference; lastKnownFileType = sourcecode.swift; path = PlayersViewController.swift; sourceTree = "<group>"; };
		4A0DF14427293A16000C68AE /* PlayersModel.swift */ = {isa = PBXFileReference; lastKnownFileType = sourcecode.swift; path = PlayersModel.swift; sourceTree = "<group>"; };
		4A0DF14627293A9D000C68AE /* PlayersData.swift */ = {isa = PBXFileReference; lastKnownFileType = sourcecode.swift; path = PlayersData.swift; sourceTree = "<group>"; };
		4A6BC381272938F300680857 /* PlayersTableViewCell.swift */ = {isa = PBXFileReference; lastKnownFileType = sourcecode.swift; path = PlayersTableViewCell.swift; sourceTree = "<group>"; };
/* End PBXFileReference section */

/* Begin PBXFrameworksBuildPhase section */
		4A0544B7272937D600EC9314 /* Frameworks */ = {
			isa = PBXFrameworksBuildPhase;
			buildActionMask = 2147483647;
			files = (
			);
			runOnlyForDeploymentPostprocessing = 0;
		};
/* End PBXFrameworksBuildPhase section */

/* Begin PBXGroup section */
		4A0544B1272937D600EC9314 = {
			isa = PBXGroup;
			children = (
				4A0544BC272937D600EC9314 /* iOSAssessment-19 */,
				4A0544BB272937D600EC9314 /* Products */,
			);
			sourceTree = "<group>";
		};
		4A0544BB272937D600EC9314 /* Products */ = {
			isa = PBXGroup;
			children = (
				4A0544BA272937D600EC9314 /* iOSAssessment-19.app */,
			);
			name = Products;
			sourceTree = "<group>";
		};
		4A0544BC272937D600EC9314 /* iOSAssessment-19 */ = {
			isa = PBXGroup;
			children = (
				4A6BC380272938AE00680857 /* Model */,
				4A6BC37F272938A300680857 /* View */,
				4A0544D2272937FE00EC9314 /* Controller */,
				4A0544BD272937D600EC9314 /* AppDelegate.swift */,
				4A0544BF272937D600EC9314 /* SceneDelegate.swift */,
				4A0544C3272937D600EC9314 /* Main.storyboard */,
				4A0544C6272937D700EC9314 /* Assets.xcassets */,
				4A0544C8272937D700EC9314 /* LaunchScreen.storyboard */,
				4A0544CB272937D700EC9314 /* Info.plist */,
			);
			path = "iOSAssessment-19";
			sourceTree = "<group>";
		};
		4A0544D2272937FE00EC9314 /* Controller */ = {
			isa = PBXGroup;
			children = (
				4A0DF142272939ED000C68AE /* PlayersViewController.swift */,
			);
			path = Controller;
			sourceTree = "<group>";
		};
		4A6BC37F272938A300680857 /* View */ = {
			isa = PBXGroup;
			children = (
				4A6BC381272938F300680857 /* PlayersTableViewCell.swift */,
			);
			path = View;
			sourceTree = "<group>";
		};
		4A6BC380272938AE00680857 /* Model */ = {
			isa = PBXGroup;
			children = (
				4A0DF14427293A16000C68AE /* PlayersModel.swift */,
				4A0DF14627293A9D000C68AE /* PlayersData.swift */,
			);
			path = Model;
			sourceTree = "<group>";
		};
/* End PBXGroup section */

/* Begin PBXNativeTarget section */
		4A0544B9272937D600EC9314 /* iOSAssessment-19 */ = {
			isa = PBXNativeTarget;
			buildConfigurationList = 4A0544CE272937D700EC9314 /* Build configuration list for PBXNativeTarget "iOSAssessment-19" */;
			buildPhases = (
				4A0544B6272937D600EC9314 /* Sources */,
				4A0544B7272937D600EC9314 /* Frameworks */,
				4A0544B8272937D600EC9314 /* Resources */,
			);
			buildRules = (
			);
			dependencies = (
			);
			name = "iOSAssessment-19";
			productName = "iOSAssessment-19";
			productReference = 4A0544BA272937D600EC9314 /* iOSAssessment-19.app */;
			productType = "com.apple.product-type.application";
		};
/* End PBXNativeTarget section */

/* Begin PBXProject section */
		4A0544B2272937D600EC9314 /* Project object */ = {
			isa = PBXProject;
			attributes = {
				BuildIndependentTargetsInParallel = 1;
				LastSwiftUpdateCheck = 1300;
				LastUpgradeCheck = 1300;
				TargetAttributes = {
					4A0544B9272937D600EC9314 = {
						CreatedOnToolsVersion = 13.0;
					};
				};
			};
			buildConfigurationList = 4A0544B5272937D600EC9314 /* Build configuration list for PBXProject "iOSAssessment-19" */;
			compatibilityVersion = "Xcode 13.0";
			developmentRegion = en;
			hasScannedForEncodings = 0;
			knownRegions = (
				en,
				Base,
			);
			mainGroup = 4A0544B1272937D600EC9314;
			productRefGroup = 4A0544BB272937D600EC9314 /* Products */;
			projectDirPath = "";
			projectRoot = "";
			targets = (
				4A0544B9272937D600EC9314 /* iOSAssessment-19 */,
			);
		};
/* End PBXProject section */

/* Begin PBXResourcesBuildPhase section */
		4A0544B8272937D600EC9314 /* Resources */ = {
			isa = PBXResourcesBuildPhase;
			buildActionMask = 2147483647;
			files = (
				4A0544CA272937D700EC9314 /* LaunchScreen.storyboard in Resources */,
				4A0544C7272937D700EC9314 /* Assets.xcassets in Resources */,
				4A0544C5272937D600EC9314 /* Main.storyboard in Resources */,
			);
			runOnlyForDeploymentPostprocessing = 0;
		};
/* End PBXResourcesBuildPhase section */

/* Begin PBXSourcesBuildPhase section */
		4A0544B6272937D600EC9314 /* Sources */ = {
			isa = PBXSourcesBuildPhase;
			buildActionMask = 2147483647;
			files = (
				4A6BC382272938F300680857 /* PlayersTableViewCell.swift in Sources */,
				4A0DF143272939ED000C68AE /* PlayersViewController.swift in Sources */,
				4A0DF14727293A9D000C68AE /* PlayersData.swift in Sources */,
				4A0544BE272937D600EC9314 /* AppDelegate.swift in Sources */,
				4A0544C0272937D600EC9314 /* SceneDelegate.swift in Sources */,
				4A0DF14527293A16000C68AE /* PlayersModel.swift in Sources */,
			);
			runOnlyForDeploymentPostprocessing = 0;
		};
/* End PBXSourcesBuildPhase section */

/* Begin PBXVariantGroup section */
		4A0544C3272937D600EC9314 /* Main.storyboard */ = {
			isa = PBXVariantGroup;
			children = (
				4A0544C4272937D600EC9314 /* Base */,
			);
			name = Main.storyboard;
			sourceTree = "<group>";
		};
		4A0544C8272937D700EC9314 /* LaunchScreen.storyboard */ = {
			isa = PBXVariantGroup;
			children = (
				4A0544C9272937D700EC9314 /* Base */,
			);
			name = LaunchScreen.storyboard;
			sourceTree = "<group>";
		};
/* End PBXVariantGroup section */

/* Begin XCBuildConfiguration section */
		4A0544CC272937D700EC9314 /* Debug */ = {
			isa = XCBuildConfiguration;
			buildSettings = {
				ALWAYS_SEARCH_USER_PATHS = NO;
				CLANG_ANALYZER_NONNULL = YES;
				CLANG_ANALYZER_NUMBER_OBJECT_CONVERSION = YES_AGGRESSIVE;
				CLANG_CXX_LANGUAGE_STANDARD = "gnu++17";
				CLANG_CXX_LIBRARY = "libc++";
				CLANG_ENABLE_MODULES = YES;
				CLANG_ENABLE_OBJC_ARC = YES;
				CLANG_ENABLE_OBJC_WEAK = YES;
				CLANG_WARN_BLOCK_CAPTURE_AUTORELEASING = YES;
				CLANG_WARN_BOOL_CONVERSION = YES;
				CLANG_WARN_COMMA = YES;
				CLANG_WARN_CONSTANT_CONVERSION = YES;
				CLANG_WARN_DEPRECATED_OBJC_IMPLEMENTATIONS = YES;
				CLANG_WARN_DIRECT_OBJC_ISA_USAGE = YES_ERROR;
				CLANG_WARN_DOCUMENTATION_COMMENTS = YES;
				CLANG_WARN_EMPTY_BODY = YES;
				CLANG_WARN_ENUM_CONVERSION = YES;
				CLANG_WARN_INFINITE_RECURSION = YES;
				CLANG_WARN_INT_CONVERSION = YES;
				CLANG_WARN_NON_LITERAL_NULL_CONVERSION = YES;
				CLANG_WARN_OBJC_IMPLICIT_RETAIN_SELF = YES;
				CLANG_WARN_OBJC_LITERAL_CONVERSION = YES;
				CLANG_WARN_OBJC_ROOT_CLASS = YES_ERROR;
				CLANG_WARN_QUOTED_INCLUDE_IN_FRAMEWORK_HEADER = YES;
				CLANG_WARN_RANGE_LOOP_ANALYSIS = YES;
				CLANG_WARN_STRICT_PROTOTYPES = YES;
				CLANG_WARN_SUSPICIOUS_MOVE = YES;
				CLANG_WARN_UNGUARDED_AVAILABILITY = YES_AGGRESSIVE;
				CLANG_WARN_UNREACHABLE_CODE = YES;
				CLANG_WARN__DUPLICATE_METHOD_MATCH = YES;
				COPY_PHASE_STRIP = NO;
				DEBUG_INFORMATION_FORMAT = dwarf;
				ENABLE_STRICT_OBJC_MSGSEND = YES;
				ENABLE_TESTABILITY = YES;
				GCC_C_LANGUAGE_STANDARD = gnu11;
				GCC_DYNAMIC_NO_PIC = NO;
				GCC_NO_COMMON_BLOCKS = YES;
				GCC_OPTIMIZATION_LEVEL = 0;
				GCC_PREPROCESSOR_DEFINITIONS = (
					"DEBUG=1",
					"$(inherited)",
				);
				GCC_WARN_64_TO_32_BIT_CONVERSION = YES;
				GCC_WARN_ABOUT_RETURN_TYPE = YES_ERROR;
				GCC_WARN_UNDECLARED_SELECTOR = YES;
				GCC_WARN_UNINITIALIZED_AUTOS = YES_AGGRESSIVE;
				GCC_WARN_UNUSED_FUNCTION = YES;
				GCC_WARN_UNUSED_VARIABLE = YES;
				IPHONEOS_DEPLOYMENT_TARGET = 15.0;
				MTL_ENABLE_DEBUG_INFO = INCLUDE_SOURCE;
				MTL_FAST_MATH = YES;
				ONLY_ACTIVE_ARCH = YES;
				SDKROOT = iphoneos;
				SWIFT_ACTIVE_COMPILATION_CONDITIONS = DEBUG;
				SWIFT_OPTIMIZATION_LEVEL = "-Onone";
			};
			name = Debug;
		};
		4A0544CD272937D700EC9314 /* Release */ = {
			isa = XCBuildConfiguration;
			buildSettings = {
				ALWAYS_SEARCH_USER_PATHS = NO;
				CLANG_ANALYZER_NONNULL = YES;
				CLANG_ANALYZER_NUMBER_OBJECT_CONVERSION = YES_AGGRESSIVE;
				CLANG_CXX_LANGUAGE_STANDARD = "gnu++17";
				CLANG_CXX_LIBRARY = "libc++";
				CLANG_ENABLE_MODULES = YES;
				CLANG_ENABLE_OBJC_ARC = YES;
				CLANG_ENABLE_OBJC_WEAK = YES;
				CLANG_WARN_BLOCK_CAPTURE_AUTORELEASING = YES;
				CLANG_WARN_BOOL_CONVERSION = YES;
				CLANG_WARN_COMMA = YES;
				CLANG_WARN_CONSTANT_CONVERSION = YES;
				CLANG_WARN_DEPRECATED_OBJC_IMPLEMENTATIONS = YES;
				CLANG_WARN_DIRECT_OBJC_ISA_USAGE = YES_ERROR;
				CLANG_WARN_DOCUMENTATION_COMMENTS = YES;
				CLANG_WARN_EMPTY_BODY = YES;
				CLANG_WARN_ENUM_CONVERSION = YES;
				CLANG_WARN_INFINITE_RECURSION = YES;
				CLANG_WARN_INT_CONVERSION = YES;
				CLANG_WARN_NON_LITERAL_NULL_CONVERSION = YES;
				CLANG_WARN_OBJC_IMPLICIT_RETAIN_SELF = YES;
				CLANG_WARN_OBJC_LITERAL_CONVERSION = YES;
				CLANG_WARN_OBJC_ROOT_CLASS = YES_ERROR;
				CLANG_WARN_QUOTED_INCLUDE_IN_FRAMEWORK_HEADER = YES;
				CLANG_WARN_RANGE_LOOP_ANALYSIS = YES;
				CLANG_WARN_STRICT_PROTOTYPES = YES;
				CLANG_WARN_SUSPICIOUS_MOVE = YES;
				CLANG_WARN_UNGUARDED_AVAILABILITY = YES_AGGRESSIVE;
				CLANG_WARN_UNREACHABLE_CODE = YES;
				CLANG_WARN__DUPLICATE_METHOD_MATCH = YES;
				COPY_PHASE_STRIP = NO;
				DEBUG_INFORMATION_FORMAT = "dwarf-with-dsym";
				ENABLE_NS_ASSERTIONS = NO;
				ENABLE_STRICT_OBJC_MSGSEND = YES;
				GCC_C_LANGUAGE_STANDARD = gnu11;
				GCC_NO_COMMON_BLOCKS = YES;
				GCC_WARN_64_TO_32_BIT_CONVERSION = YES;
				GCC_WARN_ABOUT_RETURN_TYPE = YES_ERROR;
				GCC_WARN_UNDECLARED_SELECTOR = YES;
				GCC_WARN_UNINITIALIZED_AUTOS = YES_AGGRESSIVE;
				GCC_WARN_UNUSED_FUNCTION = YES;
				GCC_WARN_UNUSED_VARIABLE = YES;
				IPHONEOS_DEPLOYMENT_TARGET = 15.0;
				MTL_ENABLE_DEBUG_INFO = NO;
				MTL_FAST_MATH = YES;
				SDKROOT = iphoneos;
				SWIFT_COMPILATION_MODE = wholemodule;
				SWIFT_OPTIMIZATION_LEVEL = "-O";
				VALIDATE_PRODUCT = YES;
			};
			name = Release;
		};
		4A0544CF272937D700EC9314 /* Debug */ = {
			isa = XCBuildConfiguration;
			buildSettings = {
				ASSETCATALOG_COMPILER_APPICON_NAME = AppIcon;
				ASSETCATALOG_COMPILER_GLOBAL_ACCENT_COLOR_NAME = AccentColor;
				CODE_SIGN_STYLE = Automatic;
				CURRENT_PROJECT_VERSION = 1;
				DEVELOPMENT_TEAM = 4FGC5299R4;
				GENERATE_INFOPLIST_FILE = YES;
				INFOPLIST_FILE = "iOSAssessment-19/Info.plist";
				INFOPLIST_KEY_UIApplicationSupportsIndirectInputEvents = YES;
				INFOPLIST_KEY_UILaunchStoryboardName = LaunchScreen;
				INFOPLIST_KEY_UIMainStoryboardFile = Main;
				INFOPLIST_KEY_UISupportedInterfaceOrientations_iPad = "UIInterfaceOrientationPortrait UIInterfaceOrientationPortraitUpsideDown UIInterfaceOrientationLandscapeLeft UIInterfaceOrientationLandscapeRight";
				INFOPLIST_KEY_UISupportedInterfaceOrientations_iPhone = "UIInterfaceOrientationPortrait UIInterfaceOrientationLandscapeLeft UIInterfaceOrientationLandscapeRight";
				LD_RUNPATH_SEARCH_PATHS = (
					"$(inherited)",
					"@executable_path/Frameworks",
				);
				MARKETING_VERSION = 1.0;
				PRODUCT_BUNDLE_IDENTIFIER = "com.ttn.iOSAssessment-19";
				PRODUCT_NAME = "$(TARGET_NAME)";
				SWIFT_EMIT_LOC_STRINGS = YES;
				SWIFT_VERSION = 5.0;
				TARGETED_DEVICE_FAMILY = "1,2";
			};
			name = Debug;
		};
		4A0544D0272937D700EC9314 /* Release */ = {
			isa = XCBuildConfiguration;
			buildSettings = {
				ASSETCATALOG_COMPILER_APPICON_NAME = AppIcon;
				ASSETCATALOG_COMPILER_GLOBAL_ACCENT_COLOR_NAME = AccentColor;
				CODE_SIGN_STYLE = Automatic;
				CURRENT_PROJECT_VERSION = 1;
				DEVELOPMENT_TEAM = 4FGC5299R4;
				GENERATE_INFOPLIST_FILE = YES;
				INFOPLIST_FILE = "iOSAssessment-19/Info.plist";
				INFOPLIST_KEY_UIApplicationSupportsIndirectInputEvents = YES;
				INFOPLIST_KEY_UILaunchStoryboardName = LaunchScreen;
				INFOPLIST_KEY_UIMainStoryboardFile = Main;
				INFOPLIST_KEY_UISupportedInterfaceOrientations_iPad = "UIInterfaceOrientationPortrait UIInterfaceOrientationPortraitUpsideDown UIInterfaceOrientationLandscapeLeft UIInterfaceOrientationLandscapeRight";
				INFOPLIST_KEY_UISupportedInterfaceOrientations_iPhone = "UIInterfaceOrientationPortrait UIInterfaceOrientationLandscapeLeft UIInterfaceOrientationLandscapeRight";
				LD_RUNPATH_SEARCH_PATHS = (
					"$(inherited)",
					"@executable_path/Frameworks",
				);
				MARKETING_VERSION = 1.0;
				PRODUCT_BUNDLE_IDENTIFIER = "com.ttn.iOSAssessment-19";
				PRODUCT_NAME = "$(TARGET_NAME)";
				SWIFT_EMIT_LOC_STRINGS = YES;
				SWIFT_VERSION = 5.0;
				TARGETED_DEVICE_FAMILY = "1,2";
			};
			name = Release;
		};
/* End XCBuildConfiguration section */

/* Begin XCConfigurationList section */
		4A0544B5272937D600EC9314 /* Build configuration list for PBXProject "iOSAssessment-19" */ = {
			isa = XCConfigurationList;
			buildConfigurations = (
				4A0544CC272937D700EC9314 /* Debug */,
				4A0544CD272937D700EC9314 /* Release */,
			);
			defaultConfigurationIsVisible = 0;
			defaultConfigurationName = Release;
		};
		4A0544CE272937D700EC9314 /* Build configuration list for PBXNativeTarget "iOSAssessment-19" */ = {
			isa = XCConfigurationList;
			buildConfigurations = (
				4A0544CF272937D700EC9314 /* Debug */,
				4A0544D0272937D700EC9314 /* Release */,
			);
			defaultConfigurationIsVisible = 0;
			defaultConfigurationName = Release;
		};
/* End XCConfigurationList section */
	};
	rootObject = 4A0544B2272937D600EC9314 /* Project object */;
}
