// !$*UTF8*$!
{
	archiveVersion = 1;
	classes = {
	};
	objectVersion = 55;
	objects = {

/* Begin PBXBuildFile section */
		90BAF3DC2729B44F006320DB /* AppDelegate.swift in Sources */ = {isa = PBXBuildFile; fileRef = 90BAF3DB2729B44F006320DB /* AppDelegate.swift */; };
		90BAF3DE2729B44F006320DB /* SceneDelegate.swift in Sources */ = {isa = PBXBuildFile; fileRef = 90BAF3DD2729B44F006320DB /* SceneDelegate.swift */; };
		90BAF3E02729B44F006320DB /* MultiLangualDemoVC.swift in Sources */ = {isa = PBXBuildFile; fileRef = 90BAF3DF2729B44F006320DB /* MultiLangualDemoVC.swift */; };
		90BAF3E32729B44F006320DB /* Main.storyboard in Resources */ = {isa = PBXBuildFile; fileRef = 90BAF3E12729B44F006320DB /* Main.storyboard */; };
		90BAF3E52729B450006320DB /* Assets.xcassets in Resources */ = {isa = PBXBuildFile; fileRef = 90BAF3E42729B450006320DB /* Assets.xcassets */; };
		90BAF3E82729B450006320DB /* LaunchScreen.storyboard in Resources */ = {isa = PBXBuildFile; fileRef = 90BAF3E62729B450006320DB /* LaunchScreen.storyboard */; };
		90BAF3F32729B58E006320DB /* Localizable.strings in Resources */ = {isa = PBXBuildFile; fileRef = 90BAF3F52729B58E006320DB /* Localizable.strings */; };
/* End PBXBuildFile section */

/* Begin PBXFileReference section */
		9010DF4D272F90D80013427A /* de */ = {isa = PBXFileReference; lastKnownFileType = text.plist.strings; name = de; path = de.lproj/Main.strings; sourceTree = "<group>"; };
		9010DF4E272F90D80013427A /* de */ = {isa = PBXFileReference; lastKnownFileType = text.plist.strings; name = de; path = de.lproj/LaunchScreen.strings; sourceTree = "<group>"; };
		9010DF4F272F90D80013427A /* de */ = {isa = PBXFileReference; lastKnownFileType = text.plist.strings; name = de; path = de.lproj/Localizable.strings; sourceTree = "<group>"; };
		9010DF50272F90E40013427A /* es */ = {isa = PBXFileReference; lastKnownFileType = text.plist.strings; name = es; path = es.lproj/Main.strings; sourceTree = "<group>"; };
		9010DF51272F90E40013427A /* es */ = {isa = PBXFileReference; lastKnownFileType = text.plist.strings; name = es; path = es.lproj/LaunchScreen.strings; sourceTree = "<group>"; };
		9010DF52272F90E40013427A /* es */ = {isa = PBXFileReference; lastKnownFileType = text.plist.strings; name = es; path = es.lproj/Localizable.strings; sourceTree = "<group>"; };
		90BAF3D82729B44E006320DB /* iOSAssessment-21.app */ = {isa = PBXFileReference; explicitFileType = wrapper.application; includeInIndex = 0; path = "iOSAssessment-21.app"; sourceTree = BUILT_PRODUCTS_DIR; };
		90BAF3DB2729B44F006320DB /* AppDelegate.swift */ = {isa = PBXFileReference; lastKnownFileType = sourcecode.swift; path = AppDelegate.swift; sourceTree = "<group>"; };
		90BAF3DD2729B44F006320DB /* SceneDelegate.swift */ = {isa = PBXFileReference; lastKnownFileType = sourcecode.swift; path = SceneDelegate.swift; sourceTree = "<group>"; };
		90BAF3DF2729B44F006320DB /* MultiLangualDemoVC.swift */ = {isa = PBXFileReference; lastKnownFileType = sourcecode.swift; path = MultiLangualDemoVC.swift; sourceTree = "<group>"; };
		90BAF3E22729B44F006320DB /* Base */ = {isa = PBXFileReference; lastKnownFileType = file.storyboard; name = Base; path = Base.lproj/Main.storyboard; sourceTree = "<group>"; };
		90BAF3E42729B450006320DB /* Assets.xcassets */ = {isa = PBXFileReference; lastKnownFileType = folder.assetcatalog; path = Assets.xcassets; sourceTree = "<group>"; };
		90BAF3E72729B450006320DB /* Base */ = {isa = PBXFileReference; lastKnownFileType = file.storyboard; name = Base; path = Base.lproj/LaunchScreen.storyboard; sourceTree = "<group>"; };
		90BAF3E92729B450006320DB /* Info.plist */ = {isa = PBXFileReference; lastKnownFileType = text.plist.xml; path = Info.plist; sourceTree = "<group>"; };
		90BAF3F42729B58E006320DB /* en */ = {isa = PBXFileReference; lastKnownFileType = text.plist.strings; name = en; path = en.lproj/Localizable.strings; sourceTree = "<group>"; };
/* End PBXFileReference section */

/* Begin PBXFrameworksBuildPhase section */
		90BAF3D52729B44E006320DB /* Frameworks */ = {
			isa = PBXFrameworksBuildPhase;
			buildActionMask = 2147483647;
			files = (
			);
			runOnlyForDeploymentPostprocessing = 0;
		};
/* End PBXFrameworksBuildPhase section */

/* Begin PBXGroup section */
		90BAF3CF2729B44E006320DB = {
			isa = PBXGroup;
			children = (
				90BAF3DA2729B44F006320DB /* iOSAssessment-21 */,
				90BAF3D92729B44F006320DB /* Products */,
			);
			sourceTree = "<group>";
		};
		90BAF3D92729B44F006320DB /* Products */ = {
			isa = PBXGroup;
			children = (
				90BAF3D82729B44E006320DB /* iOSAssessment-21.app */,
			);
			name = Products;
			sourceTree = "<group>";
		};
		90BAF3DA2729B44F006320DB /* iOSAssessment-21 */ = {
			isa = PBXGroup;
			children = (
				90BAF3DB2729B44F006320DB /* AppDelegate.swift */,
				90BAF3DD2729B44F006320DB /* SceneDelegate.swift */,
				90BAF3DF2729B44F006320DB /* MultiLangualDemoVC.swift */,
				90BAF3F52729B58E006320DB /* Localizable.strings */,
				90BAF3E12729B44F006320DB /* Main.storyboard */,
				90BAF3E42729B450006320DB /* Assets.xcassets */,
				90BAF3E62729B450006320DB /* LaunchScreen.storyboard */,
				90BAF3E92729B450006320DB /* Info.plist */,
			);
			path = "iOSAssessment-21";
			sourceTree = "<group>";
		};
/* End PBXGroup section */

/* Begin PBXNativeTarget section */
		90BAF3D72729B44E006320DB /* iOSAssessment-21 */ = {
			isa = PBXNativeTarget;
			buildConfigurationList = 90BAF3EC2729B450006320DB /* Build configuration list for PBXNativeTarget "iOSAssessment-21" */;
			buildPhases = (
				90BAF3D42729B44E006320DB /* Sources */,
				90BAF3D52729B44E006320DB /* Frameworks */,
				90BAF3D62729B44E006320DB /* Resources */,
			);
			buildRules = (
			);
			dependencies = (
			);
			name = "iOSAssessment-21";
			productName = "iOSAssessment-21";
			productReference = 90BAF3D82729B44E006320DB /* iOSAssessment-21.app */;
			productType = "com.apple.product-type.application";
		};
/* End PBXNativeTarget section */

/* Begin PBXProject section */
		90BAF3D02729B44E006320DB /* Project object */ = {
			isa = PBXProject;
			attributes = {
				BuildIndependentTargetsInParallel = 1;
				LastSwiftUpdateCheck = 1300;
				LastUpgradeCheck = 1300;
				TargetAttributes = {
					90BAF3D72729B44E006320DB = {
						CreatedOnToolsVersion = 13.0;
					};
				};
			};
			buildConfigurationList = 90BAF3D32729B44E006320DB /* Build configuration list for PBXProject "iOSAssessment-21" */;
			compatibilityVersion = "Xcode 13.0";
			developmentRegion = en;
			hasScannedForEncodings = 0;
			knownRegions = (
				en,
				Base,
				de,
				es,
			);
			mainGroup = 90BAF3CF2729B44E006320DB;
			productRefGroup = 90BAF3D92729B44F006320DB /* Products */;
			projectDirPath = "";
			projectRoot = "";
			targets = (
				90BAF3D72729B44E006320DB /* iOSAssessment-21 */,
			);
		};
/* End PBXProject section */

/* Begin PBXResourcesBuildPhase section */
		90BAF3D62729B44E006320DB /* Resources */ = {
			isa = PBXResourcesBuildPhase;
			buildActionMask = 2147483647;
			files = (
				90BAF3E82729B450006320DB /* LaunchScreen.storyboard in Resources */,
				90BAF3F32729B58E006320DB /* Localizable.strings in Resources */,
				90BAF3E52729B450006320DB /* Assets.xcassets in Resources */,
				90BAF3E32729B44F006320DB /* Main.storyboard in Resources */,
			);
			runOnlyForDeploymentPostprocessing = 0;
		};
/* End PBXResourcesBuildPhase section */

/* Begin PBXSourcesBuildPhase section */
		90BAF3D42729B44E006320DB /* Sources */ = {
			isa = PBXSourcesBuildPhase;
			buildActionMask = 2147483647;
			files = (
				90BAF3E02729B44F006320DB /* MultiLangualDemoVC.swift in Sources */,
				90BAF3DC2729B44F006320DB /* AppDelegate.swift in Sources */,
				90BAF3DE2729B44F006320DB /* SceneDelegate.swift in Sources */,
			);
			runOnlyForDeploymentPostprocessing = 0;
		};
/* End PBXSourcesBuildPhase section */

/* Begin PBXVariantGroup section */
		90BAF3E12729B44F006320DB /* Main.storyboard */ = {
			isa = PBXVariantGroup;
			children = (
				90BAF3E22729B44F006320DB /* Base */,
				9010DF4D272F90D80013427A /* de */,
				9010DF50272F90E40013427A /* es */,
			);
			name = Main.storyboard;
			sourceTree = "<group>";
		};
		90BAF3E62729B450006320DB /* LaunchScreen.storyboard */ = {
			isa = PBXVariantGroup;
			children = (
				90BAF3E72729B450006320DB /* Base */,
				9010DF4E272F90D80013427A /* de */,
				9010DF51272F90E40013427A /* es */,
			);
			name = LaunchScreen.storyboard;
			sourceTree = "<group>";
		};
		90BAF3F52729B58E006320DB /* Localizable.strings */ = {
			isa = PBXVariantGroup;
			children = (
				90BAF3F42729B58E006320DB /* en */,
				9010DF4F272F90D80013427A /* de */,
				9010DF52272F90E40013427A /* es */,
			);
			name = Localizable.strings;
			sourceTree = "<group>";
		};
/* End PBXVariantGroup section */

/* Begin XCBuildConfiguration section */
		90BAF3EA2729B450006320DB /* Debug */ = {
			isa = XCBuildConfiguration;
			buildSettings = {
				ALWAYS_SEARCH_USER_PATHS = NO;
				CLANG_ANALYZER_LOCALIZABILITY_NONLOCALIZED = YES;
				CLANG_ANALYZER_NONNULL = YES;
				CLANG_ANALYZER_NUMBER_OBJECT_CONVERSION = YES_AGGRESSIVE;
				CLANG_CXX_LANGUAGE_STANDARD = "gnu++17";
				CLANG_CXX_LIBRARY = "libc++";
				CLANG_ENABLE_MODULES = YES;
				CLANG_ENABLE_OBJC_ARC = YES;
				CLANG_ENABLE_OBJC_WEAK = YES;
				CLANG_WARN_BLOCK_CAPTURE_AUTORELEASING = YES;
				CLANG_WARN_BOOL_CONVERSION = YES;
				CLANG_WARN_COMMA = YES;
				CLANG_WARN_CONSTANT_CONVERSION = YES;
				CLANG_WARN_DEPRECATED_OBJC_IMPLEMENTATIONS = YES;
				CLANG_WARN_DIRECT_OBJC_ISA_USAGE = YES_ERROR;
				CLANG_WARN_DOCUMENTATION_COMMENTS = YES;
				CLANG_WARN_EMPTY_BODY = YES;
				CLANG_WARN_ENUM_CONVERSION = YES;
				CLANG_WARN_INFINITE_RECURSION = YES;
				CLANG_WARN_INT_CONVERSION = YES;
				CLANG_WARN_NON_LITERAL_NULL_CONVERSION = YES;
				CLANG_WARN_OBJC_IMPLICIT_RETAIN_SELF = YES;
				CLANG_WARN_OBJC_LITERAL_CONVERSION = YES;
				CLANG_WARN_OBJC_ROOT_CLASS = YES_ERROR;
				CLANG_WARN_QUOTED_INCLUDE_IN_FRAMEWORK_HEADER = YES;
				CLANG_WARN_RANGE_LOOP_ANALYSIS = YES;
				CLANG_WARN_STRICT_PROTOTYPES = YES;
				CLANG_WARN_SUSPICIOUS_MOVE = YES;
				CLANG_WARN_UNGUARDED_AVAILABILITY = YES_AGGRESSIVE;
				CLANG_WARN_UNREACHABLE_CODE = YES;
				CLANG_WARN__DUPLICATE_METHOD_MATCH = YES;
				COPY_PHASE_STRIP = NO;
				DEBUG_INFORMATION_FORMAT = dwarf;
				ENABLE_STRICT_OBJC_MSGSEND = YES;
				ENABLE_TESTABILITY = YES;
				GCC_C_LANGUAGE_STANDARD = gnu11;
				GCC_DYNAMIC_NO_PIC = NO;
				GCC_NO_COMMON_BLOCKS = YES;
				GCC_OPTIMIZATION_LEVEL = 0;
				GCC_PREPROCESSOR_DEFINITIONS = (
					"DEBUG=1",
					"$(inherited)",
				);
				GCC_WARN_64_TO_32_BIT_CONVERSION = YES;
				GCC_WARN_ABOUT_RETURN_TYPE = YES_ERROR;
				GCC_WARN_UNDECLARED_SELECTOR = YES;
				GCC_WARN_UNINITIALIZED_AUTOS = YES_AGGRESSIVE;
				GCC_WARN_UNUSED_FUNCTION = YES;
				GCC_WARN_UNUSED_VARIABLE = YES;
				IPHONEOS_DEPLOYMENT_TARGET = 15.0;
				MTL_ENABLE_DEBUG_INFO = INCLUDE_SOURCE;
				MTL_FAST_MATH = YES;
				ONLY_ACTIVE_ARCH = YES;
				SDKROOT = iphoneos;
				SWIFT_ACTIVE_COMPILATION_CONDITIONS = DEBUG;
				SWIFT_OPTIMIZATION_LEVEL = "-Onone";
			};
			name = Debug;
		};
		90BAF3EB2729B450006320DB /* Release */ = {
			isa = XCBuildConfiguration;
			buildSettings = {
				ALWAYS_SEARCH_USER_PATHS = NO;
				CLANG_ANALYZER_LOCALIZABILITY_NONLOCALIZED = YES;
				CLANG_ANALYZER_NONNULL = YES;
				CLANG_ANALYZER_NUMBER_OBJECT_CONVERSION = YES_AGGRESSIVE;
				CLANG_CXX_LANGUAGE_STANDARD = "gnu++17";
				CLANG_CXX_LIBRARY = "libc++";
				CLANG_ENABLE_MODULES = YES;
				CLANG_ENABLE_OBJC_ARC = YES;
				CLANG_ENABLE_OBJC_WEAK = YES;
				CLANG_WARN_BLOCK_CAPTURE_AUTORELEASING = YES;
				CLANG_WARN_BOOL_CONVERSION = YES;
				CLANG_WARN_COMMA = YES;
				CLANG_WARN_CONSTANT_CONVERSION = YES;
				CLANG_WARN_DEPRECATED_OBJC_IMPLEMENTATIONS = YES;
				CLANG_WARN_DIRECT_OBJC_ISA_USAGE = YES_ERROR;
				CLANG_WARN_DOCUMENTATION_COMMENTS = YES;
				CLANG_WARN_EMPTY_BODY = YES;
				CLANG_WARN_ENUM_CONVERSION = YES;
				CLANG_WARN_INFINITE_RECURSION = YES;
				CLANG_WARN_INT_CONVERSION = YES;
				CLANG_WARN_NON_LITERAL_NULL_CONVERSION = YES;
				CLANG_WARN_OBJC_IMPLICIT_RETAIN_SELF = YES;
				CLANG_WARN_OBJC_LITERAL_CONVERSION = YES;
				CLANG_WARN_OBJC_ROOT_CLASS = YES_ERROR;
				CLANG_WARN_QUOTED_INCLUDE_IN_FRAMEWORK_HEADER = YES;
				CLANG_WARN_RANGE_LOOP_ANALYSIS = YES;
				CLANG_WARN_STRICT_PROTOTYPES = YES;
				CLANG_WARN_SUSPICIOUS_MOVE = YES;
				CLANG_WARN_UNGUARDED_AVAILABILITY = YES_AGGRESSIVE;
				CLANG_WARN_UNREACHABLE_CODE = YES;
				CLANG_WARN__DUPLICATE_METHOD_MATCH = YES;
				COPY_PHASE_STRIP = NO;
				DEBUG_INFORMATION_FORMAT = "dwarf-with-dsym";
				ENABLE_NS_ASSERTIONS = NO;
				ENABLE_STRICT_OBJC_MSGSEND = YES;
				GCC_C_LANGUAGE_STANDARD = gnu11;
				GCC_NO_COMMON_BLOCKS = YES;
				GCC_WARN_64_TO_32_BIT_CONVERSION = YES;
				GCC_WARN_ABOUT_RETURN_TYPE = YES_ERROR;
				GCC_WARN_UNDECLARED_SELECTOR = YES;
				GCC_WARN_UNINITIALIZED_AUTOS = YES_AGGRESSIVE;
				GCC_WARN_UNUSED_FUNCTION = YES;
				GCC_WARN_UNUSED_VARIABLE = YES;
				IPHONEOS_DEPLOYMENT_TARGET = 15.0;
				MTL_ENABLE_DEBUG_INFO = NO;
				MTL_FAST_MATH = YES;
				SDKROOT = iphoneos;
				SWIFT_COMPILATION_MODE = wholemodule;
				SWIFT_OPTIMIZATION_LEVEL = "-O";
				VALIDATE_PRODUCT = YES;
			};
			name = Release;
		};
		90BAF3ED2729B450006320DB /* Debug */ = {
			isa = XCBuildConfiguration;
			buildSettings = {
				ASSETCATALOG_COMPILER_APPICON_NAME = AppIcon;
				ASSETCATALOG_COMPILER_GLOBAL_ACCENT_COLOR_NAME = AccentColor;
				CODE_SIGN_STYLE = Automatic;
				CURRENT_PROJECT_VERSION = 1;
				GENERATE_INFOPLIST_FILE = YES;
				INFOPLIST_FILE = "iOSAssessment-21/Info.plist";
				INFOPLIST_KEY_UIApplicationSupportsIndirectInputEvents = YES;
				INFOPLIST_KEY_UILaunchStoryboardName = LaunchScreen;
				INFOPLIST_KEY_UIMainStoryboardFile = Main;
				INFOPLIST_KEY_UISupportedInterfaceOrientations_iPad = "UIInterfaceOrientationPortrait UIInterfaceOrientationPortraitUpsideDown UIInterfaceOrientationLandscapeLeft UIInterfaceOrientationLandscapeRight";
				INFOPLIST_KEY_UISupportedInterfaceOrientations_iPhone = "UIInterfaceOrientationPortrait UIInterfaceOrientationLandscapeLeft UIInterfaceOrientationLandscapeRight";
				LD_RUNPATH_SEARCH_PATHS = (
					"$(inherited)",
					"@executable_path/Frameworks",
				);
				MARKETING_VERSION = 1.0;
				PRODUCT_BUNDLE_IDENTIFIER = "com.ttn.iOSAssessment-21";
				PRODUCT_NAME = "$(TARGET_NAME)";
				SWIFT_EMIT_LOC_STRINGS = YES;
				SWIFT_VERSION = 5.0;
				TARGETED_DEVICE_FAMILY = "1,2";
			};
			name = Debug;
		};
		90BAF3EE2729B450006320DB /* Release */ = {
			isa = XCBuildConfiguration;
			buildSettings = {
				ASSETCATALOG_COMPILER_APPICON_NAME = AppIcon;
				ASSETCATALOG_COMPILER_GLOBAL_ACCENT_COLOR_NAME = AccentColor;
				CODE_SIGN_STYLE = Automatic;
				CURRENT_PROJECT_VERSION = 1;
				GENERATE_INFOPLIST_FILE = YES;
				INFOPLIST_FILE = "iOSAssessment-21/Info.plist";
				INFOPLIST_KEY_UIApplicationSupportsIndirectInputEvents = YES;
				INFOPLIST_KEY_UILaunchStoryboardName = LaunchScreen;
				INFOPLIST_KEY_UIMainStoryboardFile = Main;
				INFOPLIST_KEY_UISupportedInterfaceOrientations_iPad = "UIInterfaceOrientationPortrait UIInterfaceOrientationPortraitUpsideDown UIInterfaceOrientationLandscapeLeft UIInterfaceOrientationLandscapeRight";
				INFOPLIST_KEY_UISupportedInterfaceOrientations_iPhone = "UIInterfaceOrientationPortrait UIInterfaceOrientationLandscapeLeft UIInterfaceOrientationLandscapeRight";
				LD_RUNPATH_SEARCH_PATHS = (
					"$(inherited)",
					"@executable_path/Frameworks",
				);
				MARKETING_VERSION = 1.0;
				PRODUCT_BUNDLE_IDENTIFIER = "com.ttn.iOSAssessment-21";
				PRODUCT_NAME = "$(TARGET_NAME)";
				SWIFT_EMIT_LOC_STRINGS = YES;
				SWIFT_VERSION = 5.0;
				TARGETED_DEVICE_FAMILY = "1,2";
			};
			name = Release;
		};
/* End XCBuildConfiguration section */

/* Begin XCConfigurationList section */
		90BAF3D32729B44E006320DB /* Build configuration list for PBXProject "iOSAssessment-21" */ = {
			isa = XCConfigurationList;
			buildConfigurations = (
				90BAF3EA2729B450006320DB /* Debug */,
				90BAF3EB2729B450006320DB /* Release */,
			);
			defaultConfigurationIsVisible = 0;
			defaultConfigurationName = Release;
		};
		90BAF3EC2729B450006320DB /* Build configuration list for PBXNativeTarget "iOSAssessment-21" */ = {
			isa = XCConfigurationList;
			buildConfigurations = (
				90BAF3ED2729B450006320DB /* Debug */,
				90BAF3EE2729B450006320DB /* Release */,
			);
			defaultConfigurationIsVisible = 0;
			defaultConfigurationName = Release;
		};
/* End XCConfigurationList section */
	};
	rootObject = 90BAF3D02729B44E006320DB /* Project object */;
}
