// !$*UTF8*$!
{
	archiveVersion = 1;
	classes = {
	};
	objectVersion = 53;
	objects = {

/* Begin PBXBuildFile section */
		9038C8E627425240000C8CBF /* AppDelegate.swift in Sources */ = {isa = PBXBuildFile; fileRef = 9038C8E527425240000C8CBF /* AppDelegate.swift */; };
		9038C8E827425240000C8CBF /* SceneDelegate.swift in Sources */ = {isa = PBXBuildFile; fileRef = 9038C8E727425240000C8CBF /* SceneDelegate.swift */; };
		9038C8EA27425240000C8CBF /* HomeViewController.swift in Sources */ = {isa = PBXBuildFile; fileRef = 9038C8E927425240000C8CBF /* HomeViewController.swift */; };
		9038C8ED27425240000C8CBF /* Main.storyboard in Resources */ = {isa = PBXBuildFile; fileRef = 9038C8EB27425240000C8CBF /* Main.storyboard */; };
		9038C8EF27425242000C8CBF /* Assets.xcassets in Resources */ = {isa = PBXBuildFile; fileRef = 9038C8EE27425242000C8CBF /* Assets.xcassets */; };
		9038C8F227425242000C8CBF /* LaunchScreen.storyboard in Resources */ = {isa = PBXBuildFile; fileRef = 9038C8F027425242000C8CBF /* LaunchScreen.storyboard */; };
		9038C8FA27425340000C8CBF /* Utility.swift in Sources */ = {isa = PBXBuildFile; fileRef = 9038C8F927425340000C8CBF /* Utility.swift */; };
		9038C8FD274263A6000C8CBF /* CoinViewController.swift in Sources */ = {isa = PBXBuildFile; fileRef = 9038C8FC274263A6000C8CBF /* CoinViewController.swift */; };
		9038C8FF274263B0000C8CBF /* DiceViewController.swift in Sources */ = {isa = PBXBuildFile; fileRef = 9038C8FE274263B0000C8CBF /* DiceViewController.swift */; };
/* End PBXBuildFile section */

/* Begin PBXFileReference section */
		9038C8E227425240000C8CBF /* TossCoinRollDiceGame.app */ = {isa = PBXFileReference; explicitFileType = wrapper.application; includeInIndex = 0; path = TossCoinRollDiceGame.app; sourceTree = BUILT_PRODUCTS_DIR; };
		9038C8E527425240000C8CBF /* AppDelegate.swift */ = {isa = PBXFileReference; lastKnownFileType = sourcecode.swift; path = AppDelegate.swift; sourceTree = "<group>"; };
		9038C8E727425240000C8CBF /* SceneDelegate.swift */ = {isa = PBXFileReference; lastKnownFileType = sourcecode.swift; path = SceneDelegate.swift; sourceTree = "<group>"; };
		9038C8E927425240000C8CBF /* HomeViewController.swift */ = {isa = PBXFileReference; lastKnownFileType = sourcecode.swift; path = HomeViewController.swift; sourceTree = "<group>"; };
		9038C8EC27425240000C8CBF /* Base */ = {isa = PBXFileReference; lastKnownFileType = file.storyboard; name = Base; path = Base.lproj/Main.storyboard; sourceTree = "<group>"; };
		9038C8EE27425242000C8CBF /* Assets.xcassets */ = {isa = PBXFileReference; lastKnownFileType = folder.assetcatalog; path = Assets.xcassets; sourceTree = "<group>"; };
		9038C8F127425242000C8CBF /* Base */ = {isa = PBXFileReference; lastKnownFileType = file.storyboard; name = Base; path = Base.lproj/LaunchScreen.storyboard; sourceTree = "<group>"; };
		9038C8F327425242000C8CBF /* Info.plist */ = {isa = PBXFileReference; lastKnownFileType = text.plist.xml; path = Info.plist; sourceTree = "<group>"; };
		9038C8F927425340000C8CBF /* Utility.swift */ = {isa = PBXFileReference; lastKnownFileType = sourcecode.swift; path = Utility.swift; sourceTree = "<group>"; };
		9038C8FC274263A6000C8CBF /* CoinViewController.swift */ = {isa = PBXFileReference; lastKnownFileType = sourcecode.swift; path = CoinViewController.swift; sourceTree = "<group>"; };
		9038C8FE274263B0000C8CBF /* DiceViewController.swift */ = {isa = PBXFileReference; lastKnownFileType = sourcecode.swift; path = DiceViewController.swift; sourceTree = "<group>"; };
/* End PBXFileReference section */

/* Begin PBXFrameworksBuildPhase section */
		9038C8DF27425240000C8CBF /* Frameworks */ = {
			isa = PBXFrameworksBuildPhase;
			buildActionMask = 2147483647;
			files = (
			);
			runOnlyForDeploymentPostprocessing = 0;
		};
/* End PBXFrameworksBuildPhase section */

/* Begin PBXGroup section */
		9038C8D927425240000C8CBF = {
			isa = PBXGroup;
			children = (
				9038C8E427425240000C8CBF /* TossCoinRollDiceGame */,
				9038C8E327425240000C8CBF /* Products */,
			);
			sourceTree = "<group>";
		};
		9038C8E327425240000C8CBF /* Products */ = {
			isa = PBXGroup;
			children = (
				9038C8E227425240000C8CBF /* TossCoinRollDiceGame.app */,
			);
			name = Products;
			sourceTree = "<group>";
		};
		9038C8E427425240000C8CBF /* TossCoinRollDiceGame */ = {
			isa = PBXGroup;
			children = (
				9038C8E527425240000C8CBF /* AppDelegate.swift */,
				9038C8E727425240000C8CBF /* SceneDelegate.swift */,
				9038C8FB27426386000C8CBF /* Controllers */,
				9038C8EB27425240000C8CBF /* Main.storyboard */,
				9038C8EE27425242000C8CBF /* Assets.xcassets */,
				9038C8F027425242000C8CBF /* LaunchScreen.storyboard */,
				9038C8F327425242000C8CBF /* Info.plist */,
				9038C8F927425340000C8CBF /* Utility.swift */,
			);
			path = TossCoinRollDiceGame;
			sourceTree = "<group>";
		};
		9038C8FB27426386000C8CBF /* Controllers */ = {
			isa = PBXGroup;
			children = (
				9038C8E927425240000C8CBF /* HomeViewController.swift */,
				9038C8FC274263A6000C8CBF /* CoinViewController.swift */,
				9038C8FE274263B0000C8CBF /* DiceViewController.swift */,
			);
			path = Controllers;
			sourceTree = "<group>";
		};
/* End PBXGroup section */

/* Begin PBXNativeTarget section */
		9038C8E127425240000C8CBF /* TossCoinRollDiceGame */ = {
			isa = PBXNativeTarget;
			buildConfigurationList = 9038C8F627425242000C8CBF /* Build configuration list for PBXNativeTarget "TossCoinRollDiceGame" */;
			buildPhases = (
				9038C8DE27425240000C8CBF /* Sources */,
				9038C8DF27425240000C8CBF /* Frameworks */,
				9038C8E027425240000C8CBF /* Resources */,
			);
			buildRules = (
			);
			dependencies = (
			);
			name = TossCoinRollDiceGame;
			productName = TossCoinRollDiceGame;
			productReference = 9038C8E227425240000C8CBF /* TossCoinRollDiceGame.app */;
			productType = "com.apple.product-type.application";
		};
/* End PBXNativeTarget section */

/* Begin PBXProject section */
		9038C8DA27425240000C8CBF /* Project object */ = {
			isa = PBXProject;
			attributes = {
				BuildIndependentTargetsInParallel = 1;
				LastSwiftUpdateCheck = 1300;
				LastUpgradeCheck = 1300;
				TargetAttributes = {
					9038C8E127425240000C8CBF = {
						CreatedOnToolsVersion = 13.0;
					};
				};
			};
			buildConfigurationList = 9038C8DD27425240000C8CBF /* Build configuration list for PBXProject "TossCoinRollDiceGame" */;
			compatibilityVersion = "Xcode 11.4";
			developmentRegion = en;
			hasScannedForEncodings = 0;
			knownRegions = (
				en,
				Base,
			);
			mainGroup = 9038C8D927425240000C8CBF;
			productRefGroup = 9038C8E327425240000C8CBF /* Products */;
			projectDirPath = "";
			projectRoot = "";
			targets = (
				9038C8E127425240000C8CBF /* TossCoinRollDiceGame */,
			);
		};
/* End PBXProject section */

/* Begin PBXResourcesBuildPhase section */
		9038C8E027425240000C8CBF /* Resources */ = {
			isa = PBXResourcesBuildPhase;
			buildActionMask = 2147483647;
			files = (
				9038C8F227425242000C8CBF /* LaunchScreen.storyboard in Resources */,
				9038C8EF27425242000C8CBF /* Assets.xcassets in Resources */,
				9038C8ED27425240000C8CBF /* Main.storyboard in Resources */,
			);
			runOnlyForDeploymentPostprocessing = 0;
		};
/* End PBXResourcesBuildPhase section */

/* Begin PBXSourcesBuildPhase section */
		9038C8DE27425240000C8CBF /* Sources */ = {
			isa = PBXSourcesBuildPhase;
			buildActionMask = 2147483647;
			files = (
				9038C8FA27425340000C8CBF /* Utility.swift in Sources */,
				9038C8FF274263B0000C8CBF /* DiceViewController.swift in Sources */,
				9038C8EA27425240000C8CBF /* HomeViewController.swift in Sources */,
				9038C8E627425240000C8CBF /* AppDelegate.swift in Sources */,
				9038C8E827425240000C8CBF /* SceneDelegate.swift in Sources */,
				9038C8FD274263A6000C8CBF /* CoinViewController.swift in Sources */,
			);
			runOnlyForDeploymentPostprocessing = 0;
		};
/* End PBXSourcesBuildPhase section */

/* Begin PBXVariantGroup section */
		9038C8EB27425240000C8CBF /* Main.storyboard */ = {
			isa = PBXVariantGroup;
			children = (
				9038C8EC27425240000C8CBF /* Base */,
			);
			name = Main.storyboard;
			sourceTree = "<group>";
		};
		9038C8F027425242000C8CBF /* LaunchScreen.storyboard */ = {
			isa = PBXVariantGroup;
			children = (
				9038C8F127425242000C8CBF /* Base */,
			);
			name = LaunchScreen.storyboard;
			sourceTree = "<group>";
		};
/* End PBXVariantGroup section */

/* Begin XCBuildConfiguration section */
		9038C8F427425242000C8CBF /* Debug */ = {
			isa = XCBuildConfiguration;
			buildSettings = {
				ALWAYS_SEARCH_USER_PATHS = NO;
				CLANG_ANALYZER_NONNULL = YES;
				CLANG_ANALYZER_NUMBER_OBJECT_CONVERSION = YES_AGGRESSIVE;
				CLANG_CXX_LANGUAGE_STANDARD = "gnu++17";
				CLANG_CXX_LIBRARY = "libc++";
				CLANG_ENABLE_MODULES = YES;
				CLANG_ENABLE_OBJC_ARC = YES;
				CLANG_ENABLE_OBJC_WEAK = YES;
				CLANG_WARN_BLOCK_CAPTURE_AUTORELEASING = YES;
				CLANG_WARN_BOOL_CONVERSION = YES;
				CLANG_WARN_COMMA = YES;
				CLANG_WARN_CONSTANT_CONVERSION = YES;
				CLANG_WARN_DEPRECATED_OBJC_IMPLEMENTATIONS = YES;
				CLANG_WARN_DIRECT_OBJC_ISA_USAGE = YES_ERROR;
				CLANG_WARN_DOCUMENTATION_COMMENTS = YES;
				CLANG_WARN_EMPTY_BODY = YES;
				CLANG_WARN_ENUM_CONVERSION = YES;
				CLANG_WARN_INFINITE_RECURSION = YES;
				CLANG_WARN_INT_CONVERSION = YES;
				CLANG_WARN_NON_LITERAL_NULL_CONVERSION = YES;
				CLANG_WARN_OBJC_IMPLICIT_RETAIN_SELF = YES;
				CLANG_WARN_OBJC_LITERAL_CONVERSION = YES;
				CLANG_WARN_OBJC_ROOT_CLASS = YES_ERROR;
				CLANG_WARN_QUOTED_INCLUDE_IN_FRAMEWORK_HEADER = YES;
				CLANG_WARN_RANGE_LOOP_ANALYSIS = YES;
				CLANG_WARN_STRICT_PROTOTYPES = YES;
				CLANG_WARN_SUSPICIOUS_MOVE = YES;
				CLANG_WARN_UNGUARDED_AVAILABILITY = YES_AGGRESSIVE;
				CLANG_WARN_UNREACHABLE_CODE = YES;
				CLANG_WARN__DUPLICATE_METHOD_MATCH = YES;
				COPY_PHASE_STRIP = NO;
				DEBUG_INFORMATION_FORMAT = dwarf;
				ENABLE_STRICT_OBJC_MSGSEND = YES;
				ENABLE_TESTABILITY = YES;
				GCC_C_LANGUAGE_STANDARD = gnu11;
				GCC_DYNAMIC_NO_PIC = NO;
				GCC_NO_COMMON_BLOCKS = YES;
				GCC_OPTIMIZATION_LEVEL = 0;
				GCC_PREPROCESSOR_DEFINITIONS = (
					"DEBUG=1",
					"$(inherited)",
				);
				GCC_WARN_64_TO_32_BIT_CONVERSION = YES;
				GCC_WARN_ABOUT_RETURN_TYPE = YES_ERROR;
				GCC_WARN_UNDECLARED_SELECTOR = YES;
				GCC_WARN_UNINITIALIZED_AUTOS = YES_AGGRESSIVE;
				GCC_WARN_UNUSED_FUNCTION = YES;
				GCC_WARN_UNUSED_VARIABLE = YES;
				IPHONEOS_DEPLOYMENT_TARGET = 15.0;
				MTL_ENABLE_DEBUG_INFO = INCLUDE_SOURCE;
				MTL_FAST_MATH = YES;
				ONLY_ACTIVE_ARCH = YES;
				SDKROOT = iphoneos;
				SWIFT_ACTIVE_COMPILATION_CONDITIONS = DEBUG;
				SWIFT_OPTIMIZATION_LEVEL = "-Onone";
			};
			name = Debug;
		};
		9038C8F527425242000C8CBF /* Release */ = {
			isa = XCBuildConfiguration;
			buildSettings = {
				ALWAYS_SEARCH_USER_PATHS = NO;
				CLANG_ANALYZER_NONNULL = YES;
				CLANG_ANALYZER_NUMBER_OBJECT_CONVERSION = YES_AGGRESSIVE;
				CLANG_CXX_LANGUAGE_STANDARD = "gnu++17";
				CLANG_CXX_LIBRARY = "libc++";
				CLANG_ENABLE_MODULES = YES;
				CLANG_ENABLE_OBJC_ARC = YES;
				CLANG_ENABLE_OBJC_WEAK = YES;
				CLANG_WARN_BLOCK_CAPTURE_AUTORELEASING = YES;
				CLANG_WARN_BOOL_CONVERSION = YES;
				CLANG_WARN_COMMA = YES;
				CLANG_WARN_CONSTANT_CONVERSION = YES;
				CLANG_WARN_DEPRECATED_OBJC_IMPLEMENTATIONS = YES;
				CLANG_WARN_DIRECT_OBJC_ISA_USAGE = YES_ERROR;
				CLANG_WARN_DOCUMENTATION_COMMENTS = YES;
				CLANG_WARN_EMPTY_BODY = YES;
				CLANG_WARN_ENUM_CONVERSION = YES;
				CLANG_WARN_INFINITE_RECURSION = YES;
				CLANG_WARN_INT_CONVERSION = YES;
				CLANG_WARN_NON_LITERAL_NULL_CONVERSION = YES;
				CLANG_WARN_OBJC_IMPLICIT_RETAIN_SELF = YES;
				CLANG_WARN_OBJC_LITERAL_CONVERSION = YES;
				CLANG_WARN_OBJC_ROOT_CLASS = YES_ERROR;
				CLANG_WARN_QUOTED_INCLUDE_IN_FRAMEWORK_HEADER = YES;
				CLANG_WARN_RANGE_LOOP_ANALYSIS = YES;
				CLANG_WARN_STRICT_PROTOTYPES = YES;
				CLANG_WARN_SUSPICIOUS_MOVE = YES;
				CLANG_WARN_UNGUARDED_AVAILABILITY = YES_AGGRESSIVE;
				CLANG_WARN_UNREACHABLE_CODE = YES;
				CLANG_WARN__DUPLICATE_METHOD_MATCH = YES;
				COPY_PHASE_STRIP = NO;
				DEBUG_INFORMATION_FORMAT = "dwarf-with-dsym";
				ENABLE_NS_ASSERTIONS = NO;
				ENABLE_STRICT_OBJC_MSGSEND = YES;
				GCC_C_LANGUAGE_STANDARD = gnu11;
				GCC_NO_COMMON_BLOCKS = YES;
				GCC_WARN_64_TO_32_BIT_CONVERSION = YES;
				GCC_WARN_ABOUT_RETURN_TYPE = YES_ERROR;
				GCC_WARN_UNDECLARED_SELECTOR = YES;
				GCC_WARN_UNINITIALIZED_AUTOS = YES_AGGRESSIVE;
				GCC_WARN_UNUSED_FUNCTION = YES;
				GCC_WARN_UNUSED_VARIABLE = YES;
				IPHONEOS_DEPLOYMENT_TARGET = 15.0;
				MTL_ENABLE_DEBUG_INFO = NO;
				MTL_FAST_MATH = YES;
				SDKROOT = iphoneos;
				SWIFT_COMPILATION_MODE = wholemodule;
				SWIFT_OPTIMIZATION_LEVEL = "-O";
				VALIDATE_PRODUCT = YES;
			};
			name = Release;
		};
		9038C8F727425242000C8CBF /* Debug */ = {
			isa = XCBuildConfiguration;
			buildSettings = {
				ASSETCATALOG_COMPILER_APPICON_NAME = AppIcon;
				ASSETCATALOG_COMPILER_GLOBAL_ACCENT_COLOR_NAME = AccentColor;
				CODE_SIGN_STYLE = Automatic;
				CURRENT_PROJECT_VERSION = 1;
				GENERATE_INFOPLIST_FILE = YES;
				INFOPLIST_FILE = TossCoinRollDiceGame/Info.plist;
				INFOPLIST_KEY_UIApplicationSupportsIndirectInputEvents = YES;
				INFOPLIST_KEY_UILaunchStoryboardName = LaunchScreen;
				INFOPLIST_KEY_UIMainStoryboardFile = Main;
				INFOPLIST_KEY_UISupportedInterfaceOrientations_iPad = "UIInterfaceOrientationPortrait UIInterfaceOrientationPortraitUpsideDown UIInterfaceOrientationLandscapeLeft UIInterfaceOrientationLandscapeRight";
				INFOPLIST_KEY_UISupportedInterfaceOrientations_iPhone = "UIInterfaceOrientationPortrait UIInterfaceOrientationLandscapeLeft UIInterfaceOrientationLandscapeRight";
				LD_RUNPATH_SEARCH_PATHS = (
					"$(inherited)",
					"@executable_path/Frameworks",
				);
				MARKETING_VERSION = 1.0;
				PRODUCT_BUNDLE_IDENTIFIER = com.ttn.TossCoinRollDiceGame;
				PRODUCT_NAME = "$(TARGET_NAME)";
				SWIFT_EMIT_LOC_STRINGS = YES;
				SWIFT_VERSION = 5.0;
				TARGETED_DEVICE_FAMILY = "1,2";
			};
			name = Debug;
		};
		9038C8F827425242000C8CBF /* Release */ = {
			isa = XCBuildConfiguration;
			buildSettings = {
				ASSETCATALOG_COMPILER_APPICON_NAME = AppIcon;
				ASSETCATALOG_COMPILER_GLOBAL_ACCENT_COLOR_NAME = AccentColor;
				CODE_SIGN_STYLE = Automatic;
				CURRENT_PROJECT_VERSION = 1;
				GENERATE_INFOPLIST_FILE = YES;
				INFOPLIST_FILE = TossCoinRollDiceGame/Info.plist;
				INFOPLIST_KEY_UIApplicationSupportsIndirectInputEvents = YES;
				INFOPLIST_KEY_UILaunchStoryboardName = LaunchScreen;
				INFOPLIST_KEY_UIMainStoryboardFile = Main;
				INFOPLIST_KEY_UISupportedInterfaceOrientations_iPad = "UIInterfaceOrientationPortrait UIInterfaceOrientationPortraitUpsideDown UIInterfaceOrientationLandscapeLeft UIInterfaceOrientationLandscapeRight";
				INFOPLIST_KEY_UISupportedInterfaceOrientations_iPhone = "UIInterfaceOrientationPortrait UIInterfaceOrientationLandscapeLeft UIInterfaceOrientationLandscapeRight";
				LD_RUNPATH_SEARCH_PATHS = (
					"$(inherited)",
					"@executable_path/Frameworks",
				);
				MARKETING_VERSION = 1.0;
				PRODUCT_BUNDLE_IDENTIFIER = com.ttn.TossCoinRollDiceGame;
				PRODUCT_NAME = "$(TARGET_NAME)";
				SWIFT_EMIT_LOC_STRINGS = YES;
				SWIFT_VERSION = 5.0;
				TARGETED_DEVICE_FAMILY = "1,2";
			};
			name = Release;
		};
/* End XCBuildConfiguration section */

/* Begin XCConfigurationList section */
		9038C8DD27425240000C8CBF /* Build configuration list for PBXProject "TossCoinRollDiceGame" */ = {
			isa = XCConfigurationList;
			buildConfigurations = (
				9038C8F427425242000C8CBF /* Debug */,
				9038C8F527425242000C8CBF /* Release */,
			);
			defaultConfigurationIsVisible = 0;
			defaultConfigurationName = Release;
		};
		9038C8F627425242000C8CBF /* Build configuration list for PBXNativeTarget "TossCoinRollDiceGame" */ = {
			isa = XCConfigurationList;
			buildConfigurations = (
				9038C8F727425242000C8CBF /* Debug */,
				9038C8F827425242000C8CBF /* Release */,
			);
			defaultConfigurationIsVisible = 0;
			defaultConfigurationName = Release;
		};
/* End XCConfigurationList section */
	};
	rootObject = 9038C8DA27425240000C8CBF /* Project object */;
}
